// !$*UTF8*$!
{
	archiveVersion = 1;
	classes = {
	};
	objectVersion = 77;
	objects = {

/* Begin PBXBuildFile section */
		0144BFC5D2AC9275B5FA6156 /* StickerLibraryView.swift in Sources */ = {isa = PBXBuildFile; fileRef = DF89F309D9AC84739E116281 /* StickerLibraryView.swift */; };
		08ADD0896E6540848CAB00C7 /* AppURLs.swift in Sources */ = {isa = PBXBuildFile; fileRef = FE8B7F0F5A52456C43D5F45E /* AppURLs.swift */; };
		10EB9C33B64B186C1DA9B7AC /* StickerFilterService.swift in Sources */ = {isa = PBXBuildFile; fileRef = D44F094F53D9CC5028477F0F /* StickerFilterService.swift */; };
		17F2CCB19526F58F4BCC6D04 /* OnboardingPageView.swift in Sources */ = {isa = PBXBuildFile; fileRef = 24DB2CADF1571137158B612F /* OnboardingPageView.swift */; };
		1A6D5B570ED5466E73AD8176 /* Board.swift in Sources */ = {isa = PBXBuildFile; fileRef = 32104833845A2ADD7C14A5F8 /* Board.swift */; };
		1EA00AE13C24C07F0760CC5B /* StickerFilter.swift in Sources */ = {isa = PBXBuildFile; fileRef = A3FC7C093763688E6344217F /* StickerFilter.swift */; };
		23C844417020B51ED20D42AF /* StickerFilterServiceTests.swift in Sources */ = {isa = PBXBuildFile; fileRef = D6B0FF96EE3690AFD3B800B6 /* StickerFilterServiceTests.swift */; };
		2879C41569C30BC9D3D460E5 /* HomeView.swift in Sources */ = {isa = PBXBuildFile; fileRef = 1BF7C58976D7F4A010B330FC /* HomeView.swift */; };
		29094CE9A81C80A82A9FE337 /* StickerBorderService.swift in Sources */ = {isa = PBXBuildFile; fileRef = ABCD1438794D34A642F45B93 /* StickerBorderService.swift */; };
		2B1517B2E5E84806CB242F6C /* MaskCompositorTests.swift in Sources */ = {isa = PBXBuildFile; fileRef = 82762278F79270BA92FD3D38 /* MaskCompositorTests.swift */; };
		2CB06ED23EB4FB1EA6B7C7CD /* BackgroundPatternTests.swift in Sources */ = {isa = PBXBuildFile; fileRef = 54C1D00261EB4F86866F685A /* BackgroundPatternTests.swift */; };
		304D7F34602544B702A146D8 /* BackgroundImageStorage.swift in Sources */ = {isa = PBXBuildFile; fileRef = 8CA42CC44A656C4DE5FDD444 /* BackgroundImageStorage.swift */; };
		33D1A0E16223FCAC8B67B99B /* UIImageExtensionTests.swift in Sources */ = {isa = PBXBuildFile; fileRef = 351900E2F8D31C115B9F755A /* UIImageExtensionTests.swift */; };
		3C58A5E81DEC383139F9311A /* StickerFilterPickerView.swift in Sources */ = {isa = PBXBuildFile; fileRef = 4E07374D0724CABB84AC640D /* StickerFilterPickerView.swift */; };
		3E7AC02052003DA43D669B47 /* MaskEditorView.swift in Sources */ = {isa = PBXBuildFile; fileRef = 9F51DD1916FC4B3337ADA86F /* MaskEditorView.swift */; };
		416D0E1EC917ED9CBCFAACE4 /* BoardBackgroundView.swift in Sources */ = {isa = PBXBuildFile; fileRef = 73436443E84517F0AAC3C265 /* BoardBackgroundView.swift */; };
		4724B638CB65A0DBF4794EC7 /* BrushToolbar.swift in Sources */ = {isa = PBXBuildFile; fileRef = 701F95F5E765F73DE7181F78 /* BrushToolbar.swift */; };
		4BE1A239F068F14C52B8E395 /* StickerBorderPickerView.swift in Sources */ = {isa = PBXBuildFile; fileRef = FFE0B8E6513901BD9D46F2FA /* StickerBorderPickerView.swift */; };
		50D1435CD2C021AF375212FA /* StickerBorderServiceTests.swift in Sources */ = {isa = PBXBuildFile; fileRef = 504A7665F90173671AD3B76A /* StickerBorderServiceTests.swift */; };
		51EDBBD61C732A65999AA9E4 /* BoardEditorView.swift in Sources */ = {isa = PBXBuildFile; fileRef = EB005F042AEE62F5E35C66E2 /* BoardEditorView.swift */; };
		54189D617D853C9D06F172AE /* BackgroundImageStorageTests.swift in Sources */ = {isa = PBXBuildFile; fileRef = 795F7B5B94087F04001DE523 /* BackgroundImageStorageTests.swift */; };
		55E9EE6723FF659967D5B49F /* SubscriptionProductTests.swift in Sources */ = {isa = PBXBuildFile; fileRef = BCDBB451BECC869CD24CAF7B /* SubscriptionProductTests.swift */; };
		564A5D5F41AB5B43E4103611 /* StickerBoardApp.swift in Sources */ = {isa = PBXBuildFile; fileRef = D23D569B5232A2F3DB9F3B61 /* StickerBoardApp.swift */; };
		567094296030D6D397CCFDA2 /* Assets.xcassets in Resources */ = {isa = PBXBuildFile; fileRef = F870EE68E060BE5480814A21 /* Assets.xcassets */; };
		62899C4D692BD195F7F0A16B /* OnboardingPageIndicator.swift in Sources */ = {isa = PBXBuildFile; fileRef = 1A6669D6CA5D4EAD5DB7BF3C /* OnboardingPageIndicator.swift */; };
		720B355DF1F2E16DA0D57E85 /* CameraView.swift in Sources */ = {isa = PBXBuildFile; fileRef = B8B41B23D775F8487A3B361B /* CameraView.swift */; };
		73FA13E3158C1F1BDACB6C08 /* MotionManager.swift in Sources */ = {isa = PBXBuildFile; fileRef = BE45BBB2C51CC68C9B0C8EBB /* MotionManager.swift */; };
		8124DEAC93C46FA70F835CF0 /* SharedCIContext.swift in Sources */ = {isa = PBXBuildFile; fileRef = C94311FE1E30296BB608F927 /* SharedCIContext.swift */; };
		8834A7A836ECA4320FA81370 /* MultiStickerSelectionView.swift in Sources */ = {isa = PBXBuildFile; fileRef = E24D931F5239EB34E8311209 /* MultiStickerSelectionView.swift */; };
		8A0BE5317CBBA4F680A00C60 /* HolographicEffectModifier.swift in Sources */ = {isa = PBXBuildFile; fileRef = 3834BB169411132599770224 /* HolographicEffectModifier.swift */; };
		91B6DD4664FB19D95590BC04 /* SubscriptionManager.swift in Sources */ = {isa = PBXBuildFile; fileRef = 9FFB83566A2BC0906338F77F /* SubscriptionManager.swift */; };
		946C3EF198BC305C48293848 /* StickerCaptureView.swift in Sources */ = {isa = PBXBuildFile; fileRef = 1D878D128C4599B9F13AD702 /* StickerCaptureView.swift */; };
		9ADB3E6146D90A1ED01BA205 /* StickerPlacement.swift in Sources */ = {isa = PBXBuildFile; fileRef = D8F0053CD2C5B7ABC5FC4A01 /* StickerPlacement.swift */; };
		9B6AE8CDABF573157738B32A /* Sticker.swift in Sources */ = {isa = PBXBuildFile; fileRef = F6B638736BE2DE98C1C08D4B /* Sticker.swift */; };
		9F18F7BCD225FCCA7127FFEF /* ImageStorage.swift in Sources */ = {isa = PBXBuildFile; fileRef = DFE93838BF2C08278A3401AE /* ImageStorage.swift */; };
		A9E174752B496F13389C1181 /* StickerPreviewView.swift in Sources */ = {isa = PBXBuildFile; fileRef = 6364161BD5EB2AA06CF6AE7D /* StickerPreviewView.swift */; };
		B361D0D57A3AB393E69DA39C /* StickerBorder.swift in Sources */ = {isa = PBXBuildFile; fileRef = 19E5D6F908EE947CC125BAC4 /* StickerBorder.swift */; };
		B4AA40A530C03F83FF775E31 /* BackgroundPattern.swift in Sources */ = {isa = PBXBuildFile; fileRef = CEC1436F39A4162AD412D53A /* BackgroundPattern.swift */; };
		B96495C34AE5425881B553FB /* BoardTests.swift in Sources */ = {isa = PBXBuildFile; fileRef = 259987BEAF660FD74A7333A2 /* BoardTests.swift */; };
		BDD4B606C0138C4D7142458D /* StickerItemView.swift in Sources */ = {isa = PBXBuildFile; fileRef = CBF271962CA9EF750652A353 /* StickerItemView.swift */; };
		C2AF5B0E2BFAC184CC8279FA /* StickerBorderTests.swift in Sources */ = {isa = PBXBuildFile; fileRef = 276A77B1063731059420BB58 /* StickerBorderTests.swift */; };
		C98D76F680578FBA369FBE52 /* AccessibilityRuleTests.swift in Sources */ = {isa = PBXBuildFile; fileRef = AFDF2A8C549FCAF35D5DD828 /* AccessibilityRuleTests.swift */; };
		CB5CDB350C326919C148B630 /* SubscriptionProduct.swift in Sources */ = {isa = PBXBuildFile; fileRef = 285EEB7B80609E9E695A678B /* SubscriptionProduct.swift */; };
		CD7F900D42AEFF5E5C1C652F /* SettingsView.swift in Sources */ = {isa = PBXBuildFile; fileRef = F297348DD96E3A76B8648C82 /* SettingsView.swift */; };
		CEE293526AD847B540BF5EC7 /* BoardListView.swift in Sources */ = {isa = PBXBuildFile; fileRef = 37C5DFE900836F1D943C5CFB /* BoardListView.swift */; };
		CFAF3F2916CACA75DED85E2C /* BackgroundRemover.swift in Sources */ = {isa = PBXBuildFile; fileRef = E5D9FFAB2F480D8D2327E386 /* BackgroundRemover.swift */; };
		D4E664769E3A40050B09AA6A /* BackgroundPatternPickerView.swift in Sources */ = {isa = PBXBuildFile; fileRef = 1CE8160539FD33AFF7809C92 /* BackgroundPatternPickerView.swift */; };
		D741DBFD1F632B3907AE5F50 /* ImageCacheManager.swift in Sources */ = {isa = PBXBuildFile; fileRef = C1211D3F280555E23A6562B3 /* ImageCacheManager.swift */; };
		D8FB4DBA0430E40FCFD3F87F /* StickerFilterTests.swift in Sources */ = {isa = PBXBuildFile; fileRef = A215C34AD5CB548459350358 /* StickerFilterTests.swift */; };
		DB745BDCC883E3A46CBFB7C1 /* MainTabView.swift in Sources */ = {isa = PBXBuildFile; fileRef = 2C9A3FC5FB8145015E1952AD /* MainTabView.swift */; };
		E0546E3252F1E756FEC85DA1 /* StickerPlacementTests.swift in Sources */ = {isa = PBXBuildFile; fileRef = B03A91B141329E13EDBEAE9A /* StickerPlacementTests.swift */; };
		E1E29CF14D41BF97D2C1B6E2 /* ImageStorageTests.swift in Sources */ = {isa = PBXBuildFile; fileRef = 604CC75026AD20187DC30B3F /* ImageStorageTests.swift */; };
		E2D14D4429193D3C436BA5D2 /* AppTheme.swift in Sources */ = {isa = PBXBuildFile; fileRef = 3DE8FA1873B214DE9520E815 /* AppTheme.swift */; };
		E6EC80AF4242054250D52AD5 /* MaskDrawingCanvas.swift in Sources */ = {isa = PBXBuildFile; fileRef = 3D95F00C228CAD698E6DB326 /* MaskDrawingCanvas.swift */; };
		E7FAA9CC64A91CCE9076AE66 /* CaptureGuideTipsView.swift in Sources */ = {isa = PBXBuildFile; fileRef = B201CDCE2F666FBBD15D4F72 /* CaptureGuideTipsView.swift */; };
		EC5591236152676EACAFE16E /* OnboardingView.swift in Sources */ = {isa = PBXBuildFile; fileRef = EFB2EBD86DD5578CEFDD4E1F /* OnboardingView.swift */; };
		EFE200E232D91B33BA4352C6 /* PaywallView.swift in Sources */ = {isa = PBXBuildFile; fileRef = A79F18B6EE07305097CF4B9E /* PaywallView.swift */; };
		FFE2EA3515CC894BED8FEE78 /* MaskCompositor.swift in Sources */ = {isa = PBXBuildFile; fileRef = 0D6802D6762B69A0CA2A7336 /* MaskCompositor.swift */; };
/* End PBXBuildFile section */

/* Begin PBXContainerItemProxy section */
		94709259EFCE9981AA75C3CA /* PBXContainerItemProxy */ = {
			isa = PBXContainerItemProxy;
			containerPortal = 2DBE7030B31B36E4D7BFC99F /* Project object */;
			proxyType = 1;
			remoteGlobalIDString = 0B29D359482E097AD87D353F;
			remoteInfo = StickerBoard;
		};
/* End PBXContainerItemProxy section */

/* Begin PBXFileReference section */
		0D6802D6762B69A0CA2A7336 /* MaskCompositor.swift */ = {isa = PBXFileReference; lastKnownFileType = sourcecode.swift; path = MaskCompositor.swift; sourceTree = "<group>"; };
		19E5D6F908EE947CC125BAC4 /* StickerBorder.swift */ = {isa = PBXFileReference; lastKnownFileType = sourcecode.swift; path = StickerBorder.swift; sourceTree = "<group>"; };
		1A6669D6CA5D4EAD5DB7BF3C /* OnboardingPageIndicator.swift */ = {isa = PBXFileReference; lastKnownFileType = sourcecode.swift; path = OnboardingPageIndicator.swift; sourceTree = "<group>"; };
		1BF7C58976D7F4A010B330FC /* HomeView.swift */ = {isa = PBXFileReference; lastKnownFileType = sourcecode.swift; path = HomeView.swift; sourceTree = "<group>"; };
		1CE8160539FD33AFF7809C92 /* BackgroundPatternPickerView.swift */ = {isa = PBXFileReference; lastKnownFileType = sourcecode.swift; path = BackgroundPatternPickerView.swift; sourceTree = "<group>"; };
		1D878D128C4599B9F13AD702 /* StickerCaptureView.swift */ = {isa = PBXFileReference; lastKnownFileType = sourcecode.swift; path = StickerCaptureView.swift; sourceTree = "<group>"; };
		24DB2CADF1571137158B612F /* OnboardingPageView.swift */ = {isa = PBXFileReference; lastKnownFileType = sourcecode.swift; path = OnboardingPageView.swift; sourceTree = "<group>"; };
		25715A103AD977A60A5C825C /* Products.storekit */ = {isa = PBXFileReference; path = Products.storekit; sourceTree = "<group>"; };
		259987BEAF660FD74A7333A2 /* BoardTests.swift */ = {isa = PBXFileReference; lastKnownFileType = sourcecode.swift; path = BoardTests.swift; sourceTree = "<group>"; };
		276A77B1063731059420BB58 /* StickerBorderTests.swift */ = {isa = PBXFileReference; lastKnownFileType = sourcecode.swift; path = StickerBorderTests.swift; sourceTree = "<group>"; };
		285EEB7B80609E9E695A678B /* SubscriptionProduct.swift */ = {isa = PBXFileReference; lastKnownFileType = sourcecode.swift; path = SubscriptionProduct.swift; sourceTree = "<group>"; };
		2C9A3FC5FB8145015E1952AD /* MainTabView.swift */ = {isa = PBXFileReference; lastKnownFileType = sourcecode.swift; path = MainTabView.swift; sourceTree = "<group>"; };
		32104833845A2ADD7C14A5F8 /* Board.swift */ = {isa = PBXFileReference; lastKnownFileType = sourcecode.swift; path = Board.swift; sourceTree = "<group>"; };
		351900E2F8D31C115B9F755A /* UIImageExtensionTests.swift */ = {isa = PBXFileReference; lastKnownFileType = sourcecode.swift; path = UIImageExtensionTests.swift; sourceTree = "<group>"; };
		37C5DFE900836F1D943C5CFB /* BoardListView.swift */ = {isa = PBXFileReference; lastKnownFileType = sourcecode.swift; path = BoardListView.swift; sourceTree = "<group>"; };
		3834BB169411132599770224 /* HolographicEffectModifier.swift */ = {isa = PBXFileReference; lastKnownFileType = sourcecode.swift; path = HolographicEffectModifier.swift; sourceTree = "<group>"; };
		3D95F00C228CAD698E6DB326 /* MaskDrawingCanvas.swift */ = {isa = PBXFileReference; lastKnownFileType = sourcecode.swift; path = MaskDrawingCanvas.swift; sourceTree = "<group>"; };
		3DE8FA1873B214DE9520E815 /* AppTheme.swift */ = {isa = PBXFileReference; lastKnownFileType = sourcecode.swift; path = AppTheme.swift; sourceTree = "<group>"; };
		4E07374D0724CABB84AC640D /* StickerFilterPickerView.swift */ = {isa = PBXFileReference; lastKnownFileType = sourcecode.swift; path = StickerFilterPickerView.swift; sourceTree = "<group>"; };
		504A7665F90173671AD3B76A /* StickerBorderServiceTests.swift */ = {isa = PBXFileReference; lastKnownFileType = sourcecode.swift; path = StickerBorderServiceTests.swift; sourceTree = "<group>"; };
		54C1D00261EB4F86866F685A /* BackgroundPatternTests.swift */ = {isa = PBXFileReference; lastKnownFileType = sourcecode.swift; path = BackgroundPatternTests.swift; sourceTree = "<group>"; };
		604CC75026AD20187DC30B3F /* ImageStorageTests.swift */ = {isa = PBXFileReference; lastKnownFileType = sourcecode.swift; path = ImageStorageTests.swift; sourceTree = "<group>"; };
		6364161BD5EB2AA06CF6AE7D /* StickerPreviewView.swift */ = {isa = PBXFileReference; lastKnownFileType = sourcecode.swift; path = StickerPreviewView.swift; sourceTree = "<group>"; };
		701F95F5E765F73DE7181F78 /* BrushToolbar.swift */ = {isa = PBXFileReference; lastKnownFileType = sourcecode.swift; path = BrushToolbar.swift; sourceTree = "<group>"; };
		73436443E84517F0AAC3C265 /* BoardBackgroundView.swift */ = {isa = PBXFileReference; lastKnownFileType = sourcecode.swift; path = BoardBackgroundView.swift; sourceTree = "<group>"; };
		795F7B5B94087F04001DE523 /* BackgroundImageStorageTests.swift */ = {isa = PBXFileReference; lastKnownFileType = sourcecode.swift; path = BackgroundImageStorageTests.swift; sourceTree = "<group>"; };
		82762278F79270BA92FD3D38 /* MaskCompositorTests.swift */ = {isa = PBXFileReference; lastKnownFileType = sourcecode.swift; path = MaskCompositorTests.swift; sourceTree = "<group>"; };
		8CA42CC44A656C4DE5FDD444 /* BackgroundImageStorage.swift */ = {isa = PBXFileReference; lastKnownFileType = sourcecode.swift; path = BackgroundImageStorage.swift; sourceTree = "<group>"; };
		98F3C1F87DFC6BE33492062C /* StickerBoard.app */ = {isa = PBXFileReference; includeInIndex = 0; lastKnownFileType = wrapper.application; path = StickerBoard.app; sourceTree = BUILT_PRODUCTS_DIR; };
		9B695157C87669CCB70690F4 /* StickerBoardTests.xctest */ = {isa = PBXFileReference; includeInIndex = 0; lastKnownFileType = wrapper.cfbundle; path = StickerBoardTests.xctest; sourceTree = BUILT_PRODUCTS_DIR; };
		9F51DD1916FC4B3337ADA86F /* MaskEditorView.swift */ = {isa = PBXFileReference; lastKnownFileType = sourcecode.swift; path = MaskEditorView.swift; sourceTree = "<group>"; };
		9FFB83566A2BC0906338F77F /* SubscriptionManager.swift */ = {isa = PBXFileReference; lastKnownFileType = sourcecode.swift; path = SubscriptionManager.swift; sourceTree = "<group>"; };
		A215C34AD5CB548459350358 /* StickerFilterTests.swift */ = {isa = PBXFileReference; lastKnownFileType = sourcecode.swift; path = StickerFilterTests.swift; sourceTree = "<group>"; };
		A3FC7C093763688E6344217F /* StickerFilter.swift */ = {isa = PBXFileReference; lastKnownFileType = sourcecode.swift; path = StickerFilter.swift; sourceTree = "<group>"; };
		A79F18B6EE07305097CF4B9E /* PaywallView.swift */ = {isa = PBXFileReference; lastKnownFileType = sourcecode.swift; path = PaywallView.swift; sourceTree = "<group>"; };
		ABCD1438794D34A642F45B93 /* StickerBorderService.swift */ = {isa = PBXFileReference; lastKnownFileType = sourcecode.swift; path = StickerBorderService.swift; sourceTree = "<group>"; };
		AFDF2A8C549FCAF35D5DD828 /* AccessibilityRuleTests.swift */ = {isa = PBXFileReference; lastKnownFileType = sourcecode.swift; path = AccessibilityRuleTests.swift; sourceTree = "<group>"; };
		B03A91B141329E13EDBEAE9A /* StickerPlacementTests.swift */ = {isa = PBXFileReference; lastKnownFileType = sourcecode.swift; path = StickerPlacementTests.swift; sourceTree = "<group>"; };
		B201CDCE2F666FBBD15D4F72 /* CaptureGuideTipsView.swift */ = {isa = PBXFileReference; lastKnownFileType = sourcecode.swift; path = CaptureGuideTipsView.swift; sourceTree = "<group>"; };
		B8B41B23D775F8487A3B361B /* CameraView.swift */ = {isa = PBXFileReference; lastKnownFileType = sourcecode.swift; path = CameraView.swift; sourceTree = "<group>"; };
		BCDBB451BECC869CD24CAF7B /* SubscriptionProductTests.swift */ = {isa = PBXFileReference; lastKnownFileType = sourcecode.swift; path = SubscriptionProductTests.swift; sourceTree = "<group>"; };
		BE45BBB2C51CC68C9B0C8EBB /* MotionManager.swift */ = {isa = PBXFileReference; lastKnownFileType = sourcecode.swift; path = MotionManager.swift; sourceTree = "<group>"; };
		C1211D3F280555E23A6562B3 /* ImageCacheManager.swift */ = {isa = PBXFileReference; lastKnownFileType = sourcecode.swift; path = ImageCacheManager.swift; sourceTree = "<group>"; };
		C94311FE1E30296BB608F927 /* SharedCIContext.swift */ = {isa = PBXFileReference; lastKnownFileType = sourcecode.swift; path = SharedCIContext.swift; sourceTree = "<group>"; };
		CBF271962CA9EF750652A353 /* StickerItemView.swift */ = {isa = PBXFileReference; lastKnownFileType = sourcecode.swift; path = StickerItemView.swift; sourceTree = "<group>"; };
		CEC1436F39A4162AD412D53A /* BackgroundPattern.swift */ = {isa = PBXFileReference; lastKnownFileType = sourcecode.swift; path = BackgroundPattern.swift; sourceTree = "<group>"; };
		D23D569B5232A2F3DB9F3B61 /* StickerBoardApp.swift */ = {isa = PBXFileReference; lastKnownFileType = sourcecode.swift; path = StickerBoardApp.swift; sourceTree = "<group>"; };
		D44F094F53D9CC5028477F0F /* StickerFilterService.swift */ = {isa = PBXFileReference; lastKnownFileType = sourcecode.swift; path = StickerFilterService.swift; sourceTree = "<group>"; };
		D6B0FF96EE3690AFD3B800B6 /* StickerFilterServiceTests.swift */ = {isa = PBXFileReference; lastKnownFileType = sourcecode.swift; path = StickerFilterServiceTests.swift; sourceTree = "<group>"; };
		D8F0053CD2C5B7ABC5FC4A01 /* StickerPlacement.swift */ = {isa = PBXFileReference; lastKnownFileType = sourcecode.swift; path = StickerPlacement.swift; sourceTree = "<group>"; };
		DF89F309D9AC84739E116281 /* StickerLibraryView.swift */ = {isa = PBXFileReference; lastKnownFileType = sourcecode.swift; path = StickerLibraryView.swift; sourceTree = "<group>"; };
		DFE93838BF2C08278A3401AE /* ImageStorage.swift */ = {isa = PBXFileReference; lastKnownFileType = sourcecode.swift; path = ImageStorage.swift; sourceTree = "<group>"; };
		E24D931F5239EB34E8311209 /* MultiStickerSelectionView.swift */ = {isa = PBXFileReference; lastKnownFileType = sourcecode.swift; path = MultiStickerSelectionView.swift; sourceTree = "<group>"; };
		E5D9FFAB2F480D8D2327E386 /* BackgroundRemover.swift */ = {isa = PBXFileReference; lastKnownFileType = sourcecode.swift; path = BackgroundRemover.swift; sourceTree = "<group>"; };
		EB005F042AEE62F5E35C66E2 /* BoardEditorView.swift */ = {isa = PBXFileReference; lastKnownFileType = sourcecode.swift; path = BoardEditorView.swift; sourceTree = "<group>"; };
		EFB2EBD86DD5578CEFDD4E1F /* OnboardingView.swift */ = {isa = PBXFileReference; lastKnownFileType = sourcecode.swift; path = OnboardingView.swift; sourceTree = "<group>"; };
		F297348DD96E3A76B8648C82 /* SettingsView.swift */ = {isa = PBXFileReference; lastKnownFileType = sourcecode.swift; path = SettingsView.swift; sourceTree = "<group>"; };
		F6B638736BE2DE98C1C08D4B /* Sticker.swift */ = {isa = PBXFileReference; lastKnownFileType = sourcecode.swift; path = Sticker.swift; sourceTree = "<group>"; };
		F870EE68E060BE5480814A21 /* Assets.xcassets */ = {isa = PBXFileReference; lastKnownFileType = folder.assetcatalog; path = Assets.xcassets; sourceTree = "<group>"; };
		FE8B7F0F5A52456C43D5F45E /* AppURLs.swift */ = {isa = PBXFileReference; lastKnownFileType = sourcecode.swift; path = AppURLs.swift; sourceTree = "<group>"; };
		FFE0B8E6513901BD9D46F2FA /* StickerBorderPickerView.swift */ = {isa = PBXFileReference; lastKnownFileType = sourcecode.swift; path = StickerBorderPickerView.swift; sourceTree = "<group>"; };
/* End PBXFileReference section */

/* Begin PBXGroup section */
		021C610C6A61CFEE5EB53ECC /* Library */ = {
			isa = PBXGroup;
			children = (
				3834BB169411132599770224 /* HolographicEffectModifier.swift */,
				DF89F309D9AC84739E116281 /* StickerLibraryView.swift */,
			);
			path = Library;
			sourceTree = "<group>";
		};
		22130D75CEBE5A13BF65E1B7 /* App */ = {
			isa = PBXGroup;
			children = (
				3DE8FA1873B214DE9520E815 /* AppTheme.swift */,
				FE8B7F0F5A52456C43D5F45E /* AppURLs.swift */,
				D23D569B5232A2F3DB9F3B61 /* StickerBoardApp.swift */,
			);
			path = App;
			sourceTree = "<group>";
		};
		3BC3C5091CECD67473819A76 /* Models */ = {
			isa = PBXGroup;
			children = (
				CEC1436F39A4162AD412D53A /* BackgroundPattern.swift */,
				32104833845A2ADD7C14A5F8 /* Board.swift */,
				F6B638736BE2DE98C1C08D4B /* Sticker.swift */,
				19E5D6F908EE947CC125BAC4 /* StickerBorder.swift */,
				A3FC7C093763688E6344217F /* StickerFilter.swift */,
				D8F0053CD2C5B7ABC5FC4A01 /* StickerPlacement.swift */,
				285EEB7B80609E9E695A678B /* SubscriptionProduct.swift */,
			);
			path = Models;
			sourceTree = "<group>";
		};
		46BE6651294E73B34068DEFC /* Views */ = {
			isa = PBXGroup;
			children = (
				6E1874DADF8F12EB3264FE88 /* Board */,
				CAC44C56541E2BEDD5585313 /* Capture */,
				6435F89F9590882059ED8F61 /* Home */,
				021C610C6A61CFEE5EB53ECC /* Library */,
				A3EB3FE439D7B9D452C11016 /* Onboarding */,
				5BB8CB83F51C2BADCE43461A /* Paywall */,
				BD6067F1A30304231070419A /* Settings */,
			);
			path = Views;
			sourceTree = "<group>";
		};
		5BB8CB83F51C2BADCE43461A /* Paywall */ = {
			isa = PBXGroup;
			children = (
				A79F18B6EE07305097CF4B9E /* PaywallView.swift */,
			);
			path = Paywall;
			sourceTree = "<group>";
		};
		6435F89F9590882059ED8F61 /* Home */ = {
			isa = PBXGroup;
			children = (
				1BF7C58976D7F4A010B330FC /* HomeView.swift */,
				2C9A3FC5FB8145015E1952AD /* MainTabView.swift */,
			);
			path = Home;
			sourceTree = "<group>";
		};
		6E1874DADF8F12EB3264FE88 /* Board */ = {
			isa = PBXGroup;
			children = (
				1CE8160539FD33AFF7809C92 /* BackgroundPatternPickerView.swift */,
				73436443E84517F0AAC3C265 /* BoardBackgroundView.swift */,
				EB005F042AEE62F5E35C66E2 /* BoardEditorView.swift */,
				37C5DFE900836F1D943C5CFB /* BoardListView.swift */,
				FFE0B8E6513901BD9D46F2FA /* StickerBorderPickerView.swift */,
				CBF271962CA9EF750652A353 /* StickerItemView.swift */,
			);
			path = Board;
			sourceTree = "<group>";
		};
		82217834547736AB42A4F71C /* Products */ = {
			isa = PBXGroup;
			children = (
				98F3C1F87DFC6BE33492062C /* StickerBoard.app */,
				9B695157C87669CCB70690F4 /* StickerBoardTests.xctest */,
			);
			name = Products;
			sourceTree = "<group>";
		};
		9942628F63D59859340644CA /* Services */ = {
			isa = PBXGroup;
			children = (
				8CA42CC44A656C4DE5FDD444 /* BackgroundImageStorage.swift */,
				E5D9FFAB2F480D8D2327E386 /* BackgroundRemover.swift */,
				C1211D3F280555E23A6562B3 /* ImageCacheManager.swift */,
				DFE93838BF2C08278A3401AE /* ImageStorage.swift */,
				0D6802D6762B69A0CA2A7336 /* MaskCompositor.swift */,
				BE45BBB2C51CC68C9B0C8EBB /* MotionManager.swift */,
				C94311FE1E30296BB608F927 /* SharedCIContext.swift */,
				ABCD1438794D34A642F45B93 /* StickerBorderService.swift */,
				D44F094F53D9CC5028477F0F /* StickerFilterService.swift */,
				9FFB83566A2BC0906338F77F /* SubscriptionManager.swift */,
			);
			path = Services;
			sourceTree = "<group>";
		};
		A3EB3FE439D7B9D452C11016 /* Onboarding */ = {
			isa = PBXGroup;
			children = (
				1A6669D6CA5D4EAD5DB7BF3C /* OnboardingPageIndicator.swift */,
				24DB2CADF1571137158B612F /* OnboardingPageView.swift */,
				EFB2EBD86DD5578CEFDD4E1F /* OnboardingView.swift */,
			);
			path = Onboarding;
			sourceTree = "<group>";
		};
		AEE31375B1000485F271BCDA = {
			isa = PBXGroup;
			children = (
				25715A103AD977A60A5C825C /* Products.storekit */,
				C8D8999A6C7ED8E315EA643F /* StickerBoard */,
				EC3FAF1E5DC66024EFC64D5B /* StickerBoardTests */,
				82217834547736AB42A4F71C /* Products */,
			);
			sourceTree = "<group>";
		};
		BD6067F1A30304231070419A /* Settings */ = {
			isa = PBXGroup;
			children = (
				F297348DD96E3A76B8648C82 /* SettingsView.swift */,
			);
			path = Settings;
			sourceTree = "<group>";
		};
		C8D8999A6C7ED8E315EA643F /* StickerBoard */ = {
			isa = PBXGroup;
			children = (
				F870EE68E060BE5480814A21 /* Assets.xcassets */,
				22130D75CEBE5A13BF65E1B7 /* App */,
				3BC3C5091CECD67473819A76 /* Models */,
				9942628F63D59859340644CA /* Services */,
				46BE6651294E73B34068DEFC /* Views */,
			);
			path = StickerBoard;
			sourceTree = "<group>";
		};
		CAC44C56541E2BEDD5585313 /* Capture */ = {
			isa = PBXGroup;
			children = (
				701F95F5E765F73DE7181F78 /* BrushToolbar.swift */,
				B8B41B23D775F8487A3B361B /* CameraView.swift */,
				B201CDCE2F666FBBD15D4F72 /* CaptureGuideTipsView.swift */,
				3D95F00C228CAD698E6DB326 /* MaskDrawingCanvas.swift */,
				9F51DD1916FC4B3337ADA86F /* MaskEditorView.swift */,
				E24D931F5239EB34E8311209 /* MultiStickerSelectionView.swift */,
				1D878D128C4599B9F13AD702 /* StickerCaptureView.swift */,
				4E07374D0724CABB84AC640D /* StickerFilterPickerView.swift */,
				6364161BD5EB2AA06CF6AE7D /* StickerPreviewView.swift */,
			);
			path = Capture;
			sourceTree = "<group>";
		};
		EC3FAF1E5DC66024EFC64D5B /* StickerBoardTests */ = {
			isa = PBXGroup;
			children = (
				AFDF2A8C549FCAF35D5DD828 /* AccessibilityRuleTests.swift */,
				795F7B5B94087F04001DE523 /* BackgroundImageStorageTests.swift */,
				54C1D00261EB4F86866F685A /* BackgroundPatternTests.swift */,
				259987BEAF660FD74A7333A2 /* BoardTests.swift */,
				604CC75026AD20187DC30B3F /* ImageStorageTests.swift */,
				82762278F79270BA92FD3D38 /* MaskCompositorTests.swift */,
				504A7665F90173671AD3B76A /* StickerBorderServiceTests.swift */,
				276A77B1063731059420BB58 /* StickerBorderTests.swift */,
				D6B0FF96EE3690AFD3B800B6 /* StickerFilterServiceTests.swift */,
				A215C34AD5CB548459350358 /* StickerFilterTests.swift */,
				B03A91B141329E13EDBEAE9A /* StickerPlacementTests.swift */,
				BCDBB451BECC869CD24CAF7B /* SubscriptionProductTests.swift */,
				351900E2F8D31C115B9F755A /* UIImageExtensionTests.swift */,
			);
			path = StickerBoardTests;
			sourceTree = "<group>";
		};
/* End PBXGroup section */

/* Begin PBXNativeTarget section */
		0B29D359482E097AD87D353F /* StickerBoard */ = {
			isa = PBXNativeTarget;
			buildConfigurationList = C49EBF95691B167B371A1E13 /* Build configuration list for PBXNativeTarget "StickerBoard" */;
			buildPhases = (
				244E956BA0A3E92638ED40CF /* Sources */,
				67AA63EB3485544E3214CF75 /* Resources */,
			);
			buildRules = (
			);
			dependencies = (
			);
			name = StickerBoard;
			packageProductDependencies = (
			);
			productName = StickerBoard;
			productReference = 98F3C1F87DFC6BE33492062C /* StickerBoard.app */;
			productType = "com.apple.product-type.application";
		};
		0D74B244B092AC49686F16BA /* StickerBoardTests */ = {
			isa = PBXNativeTarget;
			buildConfigurationList = 14CFB7E41E6DC0B865F45A4C /* Build configuration list for PBXNativeTarget "StickerBoardTests" */;
			buildPhases = (
				2BDAE62E507FC6C7CA42E8AE /* Sources */,
			);
			buildRules = (
			);
			dependencies = (
				3981C5989E8202D90637D42B /* PBXTargetDependency */,
			);
			name = StickerBoardTests;
			packageProductDependencies = (
			);
			productName = StickerBoardTests;
			productReference = 9B695157C87669CCB70690F4 /* StickerBoardTests.xctest */;
			productType = "com.apple.product-type.bundle.unit-test";
		};
/* End PBXNativeTarget section */

/* Begin PBXProject section */
		2DBE7030B31B36E4D7BFC99F /* Project object */ = {
			isa = PBXProject;
			attributes = {
				BuildIndependentTargetsInParallel = YES;
				LastUpgradeCheck = 1600;
				TargetAttributes = {
					0B29D359482E097AD87D353F = {
						ProvisioningStyle = Automatic;
					};
				};
			};
			buildConfigurationList = 8772A176C103444BF7720D23 /* Build configuration list for PBXProject "StickerBoard" */;
			developmentRegion = en;
			hasScannedForEncodings = 0;
			knownRegions = (
				Base,
				en,
			);
			mainGroup = AEE31375B1000485F271BCDA;
			minimizedProjectReferenceProxies = 1;
			preferredProjectObjectVersion = 77;
			productRefGroup = 82217834547736AB42A4F71C /* Products */;
			projectDirPath = "";
			projectRoot = "";
			targets = (
				0B29D359482E097AD87D353F /* StickerBoard */,
				0D74B244B092AC49686F16BA /* StickerBoardTests */,
			);
		};
/* End PBXProject section */

/* Begin PBXResourcesBuildPhase section */
		67AA63EB3485544E3214CF75 /* Resources */ = {
			isa = PBXResourcesBuildPhase;
			buildActionMask = 2147483647;
			files = (
				567094296030D6D397CCFDA2 /* Assets.xcassets in Resources */,
			);
			runOnlyForDeploymentPostprocessing = 0;
		};
/* End PBXResourcesBuildPhase section */

/* Begin PBXSourcesBuildPhase section */
		244E956BA0A3E92638ED40CF /* Sources */ = {
			isa = PBXSourcesBuildPhase;
			buildActionMask = 2147483647;
			files = (
				E2D14D4429193D3C436BA5D2 /* AppTheme.swift in Sources */,
				08ADD0896E6540848CAB00C7 /* AppURLs.swift in Sources */,
				304D7F34602544B702A146D8 /* BackgroundImageStorage.swift in Sources */,
				B4AA40A530C03F83FF775E31 /* BackgroundPattern.swift in Sources */,
				D4E664769E3A40050B09AA6A /* BackgroundPatternPickerView.swift in Sources */,
				CFAF3F2916CACA75DED85E2C /* BackgroundRemover.swift in Sources */,
				1A6D5B570ED5466E73AD8176 /* Board.swift in Sources */,
				416D0E1EC917ED9CBCFAACE4 /* BoardBackgroundView.swift in Sources */,
				51EDBBD61C732A65999AA9E4 /* BoardEditorView.swift in Sources */,
				CEE293526AD847B540BF5EC7 /* BoardListView.swift in Sources */,
				4724B638CB65A0DBF4794EC7 /* BrushToolbar.swift in Sources */,
				720B355DF1F2E16DA0D57E85 /* CameraView.swift in Sources */,
				E7FAA9CC64A91CCE9076AE66 /* CaptureGuideTipsView.swift in Sources */,
				8A0BE5317CBBA4F680A00C60 /* HolographicEffectModifier.swift in Sources */,
				2879C41569C30BC9D3D460E5 /* HomeView.swift in Sources */,
				D741DBFD1F632B3907AE5F50 /* ImageCacheManager.swift in Sources */,
				9F18F7BCD225FCCA7127FFEF /* ImageStorage.swift in Sources */,
				DB745BDCC883E3A46CBFB7C1 /* MainTabView.swift in Sources */,
				FFE2EA3515CC894BED8FEE78 /* MaskCompositor.swift in Sources */,
				E6EC80AF4242054250D52AD5 /* MaskDrawingCanvas.swift in Sources */,
				3E7AC02052003DA43D669B47 /* MaskEditorView.swift in Sources */,
				73FA13E3158C1F1BDACB6C08 /* MotionManager.swift in Sources */,
				8834A7A836ECA4320FA81370 /* MultiStickerSelectionView.swift in Sources */,
				62899C4D692BD195F7F0A16B /* OnboardingPageIndicator.swift in Sources */,
				17F2CCB19526F58F4BCC6D04 /* OnboardingPageView.swift in Sources */,
				EC5591236152676EACAFE16E /* OnboardingView.swift in Sources */,
				EFE200E232D91B33BA4352C6 /* PaywallView.swift in Sources */,
				CD7F900D42AEFF5E5C1C652F /* SettingsView.swift in Sources */,
				8124DEAC93C46FA70F835CF0 /* SharedCIContext.swift in Sources */,
				9B6AE8CDABF573157738B32A /* Sticker.swift in Sources */,
				564A5D5F41AB5B43E4103611 /* StickerBoardApp.swift in Sources */,
				B361D0D57A3AB393E69DA39C /* StickerBorder.swift in Sources */,
				4BE1A239F068F14C52B8E395 /* StickerBorderPickerView.swift in Sources */,
				29094CE9A81C80A82A9FE337 /* StickerBorderService.swift in Sources */,
				946C3EF198BC305C48293848 /* StickerCaptureView.swift in Sources */,
				1EA00AE13C24C07F0760CC5B /* StickerFilter.swift in Sources */,
				3C58A5E81DEC383139F9311A /* StickerFilterPickerView.swift in Sources */,
				10EB9C33B64B186C1DA9B7AC /* StickerFilterService.swift in Sources */,
				BDD4B606C0138C4D7142458D /* StickerItemView.swift in Sources */,
				0144BFC5D2AC9275B5FA6156 /* StickerLibraryView.swift in Sources */,
				9ADB3E6146D90A1ED01BA205 /* StickerPlacement.swift in Sources */,
				A9E174752B496F13389C1181 /* StickerPreviewView.swift in Sources */,
				91B6DD4664FB19D95590BC04 /* SubscriptionManager.swift in Sources */,
				CB5CDB350C326919C148B630 /* SubscriptionProduct.swift in Sources */,
			);
			runOnlyForDeploymentPostprocessing = 0;
		};
		2BDAE62E507FC6C7CA42E8AE /* Sources */ = {
			isa = PBXSourcesBuildPhase;
			buildActionMask = 2147483647;
			files = (
				C98D76F680578FBA369FBE52 /* AccessibilityRuleTests.swift in Sources */,
				54189D617D853C9D06F172AE /* BackgroundImageStorageTests.swift in Sources */,
				2CB06ED23EB4FB1EA6B7C7CD /* BackgroundPatternTests.swift in Sources */,
				B96495C34AE5425881B553FB /* BoardTests.swift in Sources */,
				E1E29CF14D41BF97D2C1B6E2 /* ImageStorageTests.swift in Sources */,
				2B1517B2E5E84806CB242F6C /* MaskCompositorTests.swift in Sources */,
				50D1435CD2C021AF375212FA /* StickerBorderServiceTests.swift in Sources */,
				C2AF5B0E2BFAC184CC8279FA /* StickerBorderTests.swift in Sources */,
				23C844417020B51ED20D42AF /* StickerFilterServiceTests.swift in Sources */,
				D8FB4DBA0430E40FCFD3F87F /* StickerFilterTests.swift in Sources */,
				E0546E3252F1E756FEC85DA1 /* StickerPlacementTests.swift in Sources */,
				55E9EE6723FF659967D5B49F /* SubscriptionProductTests.swift in Sources */,
				33D1A0E16223FCAC8B67B99B /* UIImageExtensionTests.swift in Sources */,
			);
			runOnlyForDeploymentPostprocessing = 0;
		};
/* End PBXSourcesBuildPhase section */

/* Begin PBXTargetDependency section */
		3981C5989E8202D90637D42B /* PBXTargetDependency */ = {
			isa = PBXTargetDependency;
			target = 0B29D359482E097AD87D353F /* StickerBoard */;
			targetProxy = 94709259EFCE9981AA75C3CA /* PBXContainerItemProxy */;
		};
/* End PBXTargetDependency section */

/* Begin XCBuildConfiguration section */
		26B4D973CEF07DA92A1778EB /* Debug */ = {
			isa = XCBuildConfiguration;
			buildSettings = {
				ASSETCATALOG_COMPILER_APPICON_NAME = AppIcon;
				ASSETCATALOG_COMPILER_GLOBAL_ACCENT_COLOR_NAME = AccentColor;
				CODE_SIGN_IDENTITY = "iPhone Developer";
				CODE_SIGN_STYLE = Automatic;
				CURRENT_PROJECT_VERSION = 1;
				GENERATE_INFOPLIST_FILE = YES;
				INFOPLIST_KEY_ITSAppUsesNonExemptEncryption = NO;
				INFOPLIST_KEY_NSCameraUsageDescription = "シールにする写真を撮影するためにカメラへのアクセスが必要です";
				INFOPLIST_KEY_NSPhotoLibraryAddUsageDescription = "ボードを画像として写真に保存するためにフォトライブラリへのアクセスが必要です";
				INFOPLIST_KEY_NSPhotoLibraryUsageDescription = "シールにする写真を選択するためにフォトライブラリへのアクセスが必要です";
				INFOPLIST_KEY_UILaunchScreen_Generation = YES;
				INFOPLIST_KEY_UISupportedInterfaceOrientations_iPad = "UIInterfaceOrientationPortrait UIInterfaceOrientationPortraitUpsideDown UIInterfaceOrientationLandscapeLeft UIInterfaceOrientationLandscapeRight";
				INFOPLIST_KEY_UISupportedInterfaceOrientations_iPhone = UIInterfaceOrientationPortrait;
				LD_RUNPATH_SEARCH_PATHS = (
					"$(inherited)",
					"@executable_path/Frameworks",
				);
				MARKETING_VERSION = 1.0.0;
				PRODUCT_BUNDLE_IDENTIFIER = com.tebasaki.StickerBoard;
				SDKROOT = iphoneos;
				SWIFT_EMIT_LOC_STRINGS = YES;
				TARGETED_DEVICE_FAMILY = "1,2";
			};
			name = Debug;
		};
		3855C7050AD7435563F3E349 /* Release */ = {
			isa = XCBuildConfiguration;
			buildSettings = {
				ALWAYS_SEARCH_USER_PATHS = NO;
				CLANG_ANALYZER_NONNULL = YES;
				CLANG_ANALYZER_NUMBER_OBJECT_CONVERSION = YES_AGGRESSIVE;
				CLANG_CXX_LANGUAGE_STANDARD = "gnu++14";
				CLANG_CXX_LIBRARY = "libc++";
				CLANG_ENABLE_MODULES = YES;
				CLANG_ENABLE_OBJC_ARC = YES;
				CLANG_ENABLE_OBJC_WEAK = YES;
				CLANG_WARN_BLOCK_CAPTURE_AUTORELEASING = YES;
				CLANG_WARN_BOOL_CONVERSION = YES;
				CLANG_WARN_COMMA = YES;
				CLANG_WARN_CONSTANT_CONVERSION = YES;
				CLANG_WARN_DEPRECATED_OBJC_IMPLEMENTATIONS = YES;
				CLANG_WARN_DIRECT_OBJC_ISA_USAGE = YES_ERROR;
				CLANG_WARN_DOCUMENTATION_COMMENTS = YES;
				CLANG_WARN_EMPTY_BODY = YES;
				CLANG_WARN_ENUM_CONVERSION = YES;
				CLANG_WARN_INFINITE_RECURSION = YES;
				CLANG_WARN_INT_CONVERSION = YES;
				CLANG_WARN_NON_LITERAL_NULL_CONVERSION = YES;
				CLANG_WARN_OBJC_IMPLICIT_RETAIN_SELF = YES;
				CLANG_WARN_OBJC_LITERAL_CONVERSION = YES;
				CLANG_WARN_OBJC_ROOT_CLASS = YES_ERROR;
				CLANG_WARN_QUOTED_INCLUDE_IN_FRAMEWORK_HEADER = YES;
				CLANG_WARN_RANGE_LOOP_ANALYSIS = YES;
				CLANG_WARN_STRICT_PROTOTYPES = YES;
				CLANG_WARN_SUSPICIOUS_MOVE = YES;
				CLANG_WARN_UNGUARDED_AVAILABILITY = YES_AGGRESSIVE;
				CLANG_WARN_UNREACHABLE_CODE = YES;
				CLANG_WARN__DUPLICATE_METHOD_MATCH = YES;
				COPY_PHASE_STRIP = NO;
				DEBUG_INFORMATION_FORMAT = "dwarf-with-dsym";
				ENABLE_NS_ASSERTIONS = NO;
				ENABLE_STRICT_OBJC_MSGSEND = YES;
				GCC_C_LANGUAGE_STANDARD = gnu11;
				GCC_NO_COMMON_BLOCKS = YES;
				GCC_WARN_64_TO_32_BIT_CONVERSION = YES;
				GCC_WARN_ABOUT_RETURN_TYPE = YES_ERROR;
				GCC_WARN_UNDECLARED_SELECTOR = YES;
				GCC_WARN_UNINITIALIZED_AUTOS = YES_AGGRESSIVE;
				GCC_WARN_UNUSED_FUNCTION = YES;
				GCC_WARN_UNUSED_VARIABLE = YES;
				INFOPLIST_KEY_CFBundleDisplayName = "シールボード -デジタルシール帳-";
				INFOPLIST_KEY_LSApplicationCategoryType = "public.app-category.lifestyle";
				IPHONEOS_DEPLOYMENT_TARGET = 18.0;
				MTL_ENABLE_DEBUG_INFO = NO;
				MTL_FAST_MATH = YES;
				PRODUCT_NAME = "$(TARGET_NAME)";
				SDKROOT = iphoneos;
				SWIFT_COMPILATION_MODE = wholemodule;
				SWIFT_OPTIMIZATION_LEVEL = "-O";
				SWIFT_VERSION = 5.9;
				TARGETED_DEVICE_FAMILY = 1;
			};
			name = Release;
		};
		43CD850AF057F054FD88D11C /* Debug */ = {
			isa = XCBuildConfiguration;
			buildSettings = {
				ALWAYS_SEARCH_USER_PATHS = NO;
				CLANG_ANALYZER_NONNULL = YES;
				CLANG_ANALYZER_NUMBER_OBJECT_CONVERSION = YES_AGGRESSIVE;
				CLANG_CXX_LANGUAGE_STANDARD = "gnu++14";
				CLANG_CXX_LIBRARY = "libc++";
				CLANG_ENABLE_MODULES = YES;
				CLANG_ENABLE_OBJC_ARC = YES;
				CLANG_ENABLE_OBJC_WEAK = YES;
				CLANG_WARN_BLOCK_CAPTURE_AUTORELEASING = YES;
				CLANG_WARN_BOOL_CONVERSION = YES;
				CLANG_WARN_COMMA = YES;
				CLANG_WARN_CONSTANT_CONVERSION = YES;
				CLANG_WARN_DEPRECATED_OBJC_IMPLEMENTATIONS = YES;
				CLANG_WARN_DIRECT_OBJC_ISA_USAGE = YES_ERROR;
				CLANG_WARN_DOCUMENTATION_COMMENTS = YES;
				CLANG_WARN_EMPTY_BODY = YES;
				CLANG_WARN_ENUM_CONVERSION = YES;
				CLANG_WARN_INFINITE_RECURSION = YES;
				CLANG_WARN_INT_CONVERSION = YES;
				CLANG_WARN_NON_LITERAL_NULL_CONVERSION = YES;
				CLANG_WARN_OBJC_IMPLICIT_RETAIN_SELF = YES;
				CLANG_WARN_OBJC_LITERAL_CONVERSION = YES;
				CLANG_WARN_OBJC_ROOT_CLASS = YES_ERROR;
				CLANG_WARN_QUOTED_INCLUDE_IN_FRAMEWORK_HEADER = YES;
				CLANG_WARN_RANGE_LOOP_ANALYSIS = YES;
				CLANG_WARN_STRICT_PROTOTYPES = YES;
				CLANG_WARN_SUSPICIOUS_MOVE = YES;
				CLANG_WARN_UNGUARDED_AVAILABILITY = YES_AGGRESSIVE;
				CLANG_WARN_UNREACHABLE_CODE = YES;
				CLANG_WARN__DUPLICATE_METHOD_MATCH = YES;
				COPY_PHASE_STRIP = NO;
				DEBUG_INFORMATION_FORMAT = dwarf;
				ENABLE_STRICT_OBJC_MSGSEND = YES;
				ENABLE_TESTABILITY = YES;
				GCC_C_LANGUAGE_STANDARD = gnu11;
				GCC_DYNAMIC_NO_PIC = NO;
				GCC_NO_COMMON_BLOCKS = YES;
				GCC_OPTIMIZATION_LEVEL = 0;
				GCC_PREPROCESSOR_DEFINITIONS = (
					"$(inherited)",
					"DEBUG=1",
				);
				GCC_WARN_64_TO_32_BIT_CONVERSION = YES;
				GCC_WARN_ABOUT_RETURN_TYPE = YES_ERROR;
				GCC_WARN_UNDECLARED_SELECTOR = YES;
				GCC_WARN_UNINITIALIZED_AUTOS = YES_AGGRESSIVE;
				GCC_WARN_UNUSED_FUNCTION = YES;
				GCC_WARN_UNUSED_VARIABLE = YES;
				INFOPLIST_KEY_CFBundleDisplayName = "シールボード -デジタルシール帳-";
				INFOPLIST_KEY_LSApplicationCategoryType = "public.app-category.lifestyle";
				IPHONEOS_DEPLOYMENT_TARGET = 18.0;
				MTL_ENABLE_DEBUG_INFO = INCLUDE_SOURCE;
				MTL_FAST_MATH = YES;
				ONLY_ACTIVE_ARCH = YES;
				PRODUCT_NAME = "$(TARGET_NAME)";
				SDKROOT = iphoneos;
				SWIFT_ACTIVE_COMPILATION_CONDITIONS = DEBUG;
				SWIFT_OPTIMIZATION_LEVEL = "-Onone";
				SWIFT_VERSION = 5.9;
				TARGETED_DEVICE_FAMILY = 1;
			};
			name = Debug;
		};
		8D923C92BDBC42116E9C21A2 /* Release */ = {
			isa = XCBuildConfiguration;
			buildSettings = {
				ASSETCATALOG_COMPILER_APPICON_NAME = AppIcon;
				ASSETCATALOG_COMPILER_GLOBAL_ACCENT_COLOR_NAME = AccentColor;
				CODE_SIGN_IDENTITY = "iPhone Developer";
				CODE_SIGN_STYLE = Automatic;
				CURRENT_PROJECT_VERSION = 1;
				GENERATE_INFOPLIST_FILE = YES;
				INFOPLIST_KEY_ITSAppUsesNonExemptEncryption = NO;
				INFOPLIST_KEY_NSCameraUsageDescription = "シールにする写真を撮影するためにカメラへのアクセスが必要です";
				INFOPLIST_KEY_NSPhotoLibraryAddUsageDescription = "ボードを画像として写真に保存するためにフォトライブラリへのアクセスが必要です";
				INFOPLIST_KEY_NSPhotoLibraryUsageDescription = "シールにする写真を選択するためにフォトライブラリへのアクセスが必要です";
				INFOPLIST_KEY_UILaunchScreen_Generation = YES;
				INFOPLIST_KEY_UISupportedInterfaceOrientations_iPad = "UIInterfaceOrientationPortrait UIInterfaceOrientationPortraitUpsideDown UIInterfaceOrientationLandscapeLeft UIInterfaceOrientationLandscapeRight";
				INFOPLIST_KEY_UISupportedInterfaceOrientations_iPhone = UIInterfaceOrientationPortrait;
				LD_RUNPATH_SEARCH_PATHS = (
					"$(inherited)",
					"@executable_path/Frameworks",
				);
				MARKETING_VERSION = 1.0.0;
				PRODUCT_BUNDLE_IDENTIFIER = com.tebasaki.StickerBoard;
				SDKROOT = iphoneos;
				SWIFT_EMIT_LOC_STRINGS = YES;
				TARGETED_DEVICE_FAMILY = "1,2";
			};
			name = Release;
		};
		C966C597BFC0D36C2D34FDEE /* Debug */ = {
			isa = XCBuildConfiguration;
			buildSettings = {
				BUNDLE_LOADER = "$(TEST_HOST)";
				GENERATE_INFOPLIST_FILE = YES;
				LD_RUNPATH_SEARCH_PATHS = (
					"$(inherited)",
					"@executable_path/Frameworks",
					"@loader_path/Frameworks",
				);
				PRODUCT_BUNDLE_IDENTIFIER = com.tebasaki.StickerBoardTests;
				SDKROOT = iphoneos;
				TARGETED_DEVICE_FAMILY = "1,2";
				TEST_HOST = "$(BUILT_PRODUCTS_DIR)/StickerBoard.app/StickerBoard";
			};
			name = Debug;
		};
		D0AE69EE07F81D2B0BCDE889 /* Release */ = {
			isa = XCBuildConfiguration;
			buildSettings = {
				BUNDLE_LOADER = "$(TEST_HOST)";
				GENERATE_INFOPLIST_FILE = YES;
				LD_RUNPATH_SEARCH_PATHS = (
					"$(inherited)",
					"@executable_path/Frameworks",
					"@loader_path/Frameworks",
				);
				PRODUCT_BUNDLE_IDENTIFIER = com.tebasaki.StickerBoardTests;
				SDKROOT = iphoneos;
				TARGETED_DEVICE_FAMILY = "1,2";
				TEST_HOST = "$(BUILT_PRODUCTS_DIR)/StickerBoard.app/StickerBoard";
			};
			name = Release;
		};
/* End XCBuildConfiguration section */

/* Begin XCConfigurationList section */
		14CFB7E41E6DC0B865F45A4C /* Build configuration list for PBXNativeTarget "StickerBoardTests" */ = {
			isa = XCConfigurationList;
			buildConfigurations = (
				C966C597BFC0D36C2D34FDEE /* Debug */,
				D0AE69EE07F81D2B0BCDE889 /* Release */,
			);
			defaultConfigurationIsVisible = 0;
			defaultConfigurationName = Debug;
		};
		8772A176C103444BF7720D23 /* Build configuration list for PBXProject "StickerBoard" */ = {
			isa = XCConfigurationList;
			buildConfigurations = (
				43CD850AF057F054FD88D11C /* Debug */,
				3855C7050AD7435563F3E349 /* Release */,
			);
			defaultConfigurationIsVisible = 0;
			defaultConfigurationName = Debug;
		};
		C49EBF95691B167B371A1E13 /* Build configuration list for PBXNativeTarget "StickerBoard" */ = {
			isa = XCConfigurationList;
			buildConfigurations = (
				26B4D973CEF07DA92A1778EB /* Debug */,
				8D923C92BDBC42116E9C21A2 /* Release */,
			);
			defaultConfigurationIsVisible = 0;
			defaultConfigurationName = Debug;
		};
/* End XCConfigurationList section */
	};
	rootObject = 2DBE7030B31B36E4D7BFC99F /* Project object */;
}
