// !$*UTF8*$!
{
	archiveVersion = 1;
	classes = {
	};
	objectVersion = 77;
	objects = {

/* Begin PBXBuildFile section */
		0144BFC5D2AC9275B5FA6156 /* StickerLibraryView.swift in Sources */ = {isa = PBXBuildFile; fileRef = DF89F309D9AC84739E116281 /* StickerLibraryView.swift */; };
		03B4E3F546E6911F51CF07BC /* StickerBoardWidgetBundle.swift in Sources */ = {isa = PBXBuildFile; fileRef = 63A5D91A35FA8C43BD1C0C8A /* StickerBoardWidgetBundle.swift */; };
		08ADD0896E6540848CAB00C7 /* AppURLs.swift in Sources */ = {isa = PBXBuildFile; fileRef = FE8B7F0F5A52456C43D5F45E /* AppURLs.swift */; };
		0AB95DB882B4D5509D6E229E /* OnboardingAccessibilityTests.swift in Sources */ = {isa = PBXBuildFile; fileRef = C772005BADEC8B242A0A39E8 /* OnboardingAccessibilityTests.swift */; };
		10EB9C33B64B186C1DA9B7AC /* StickerFilterService.swift in Sources */ = {isa = PBXBuildFile; fileRef = D44F094F53D9CC5028477F0F /* StickerFilterService.swift */; };
		17F2CCB19526F58F4BCC6D04 /* OnboardingPageView.swift in Sources */ = {isa = PBXBuildFile; fileRef = 24DB2CADF1571137158B612F /* OnboardingPageView.swift */; };
		1A6D5B570ED5466E73AD8176 /* Board.swift in Sources */ = {isa = PBXBuildFile; fileRef = 32104833845A2ADD7C14A5F8 /* Board.swift */; };
		1B9FD0643BE0A4621A5CFEEF /* SharedBoardMetadata.swift in Sources */ = {isa = PBXBuildFile; fileRef = 27912520AF159D0D12135A2C /* SharedBoardMetadata.swift */; };
		1EA00AE13C24C07F0760CC5B /* StickerFilter.swift in Sources */ = {isa = PBXBuildFile; fileRef = A3FC7C093763688E6344217F /* StickerFilter.swift */; };
		239BFA049BCEBDA3E5B04875 /* WidgetModelsTests.swift in Sources */ = {isa = PBXBuildFile; fileRef = 11C89501ABCC774418176436 /* WidgetModelsTests.swift */; };
		23C844417020B51ED20D42AF /* StickerFilterServiceTests.swift in Sources */ = {isa = PBXBuildFile; fileRef = D6B0FF96EE3690AFD3B800B6 /* StickerFilterServiceTests.swift */; };
		25745C4F441381F490112536 /* AppUpdateChecker.swift in Sources */ = {isa = PBXBuildFile; fileRef = BCBDA121148C553378F3C860 /* AppUpdateChecker.swift */; };
		2879C41569C30BC9D3D460E5 /* HomeView.swift in Sources */ = {isa = PBXBuildFile; fileRef = 1BF7C58976D7F4A010B330FC /* HomeView.swift */; };
		29094CE9A81C80A82A9FE337 /* StickerBorderService.swift in Sources */ = {isa = PBXBuildFile; fileRef = ABCD1438794D34A642F45B93 /* StickerBorderService.swift */; };
		2B1517B2E5E84806CB242F6C /* MaskCompositorTests.swift in Sources */ = {isa = PBXBuildFile; fileRef = 82762278F79270BA92FD3D38 /* MaskCompositorTests.swift */; };
		2CB06ED23EB4FB1EA6B7C7CD /* BackgroundPatternTests.swift in Sources */ = {isa = PBXBuildFile; fileRef = 54C1D00261EB4F86866F685A /* BackgroundPatternTests.swift */; };
		304D7F34602544B702A146D8 /* BackgroundImageStorage.swift in Sources */ = {isa = PBXBuildFile; fileRef = 8CA42CC44A656C4DE5FDD444 /* BackgroundImageStorage.swift */; };
		33D1A0E16223FCAC8B67B99B /* UIImageExtensionTests.swift in Sources */ = {isa = PBXBuildFile; fileRef = 351900E2F8D31C115B9F755A /* UIImageExtensionTests.swift */; };
		36E53A08C4668D5590BE46A1 /* SharedBoardMetadata.swift in Sources */ = {isa = PBXBuildFile; fileRef = 27912520AF159D0D12135A2C /* SharedBoardMetadata.swift */; };
		39D882D756B491224A0C519C /* BoardDeleteConfirmationTests.swift in Sources */ = {isa = PBXBuildFile; fileRef = 4C642A18BD372D652AF5FF3B /* BoardDeleteConfirmationTests.swift */; };
		3C58A5E81DEC383139F9311A /* StickerFilterPickerView.swift in Sources */ = {isa = PBXBuildFile; fileRef = 4E07374D0724CABB84AC640D /* StickerFilterPickerView.swift */; };
		3E7AC02052003DA43D669B47 /* MaskEditorView.swift in Sources */ = {isa = PBXBuildFile; fileRef = 9F51DD1916FC4B3337ADA86F /* MaskEditorView.swift */; };
		416D0E1EC917ED9CBCFAACE4 /* BoardBackgroundView.swift in Sources */ = {isa = PBXBuildFile; fileRef = 73436443E84517F0AAC3C265 /* BoardBackgroundView.swift */; };
		4724B638CB65A0DBF4794EC7 /* BrushToolbar.swift in Sources */ = {isa = PBXBuildFile; fileRef = 701F95F5E765F73DE7181F78 /* BrushToolbar.swift */; };
		4BE1A239F068F14C52B8E395 /* StickerBorderPickerView.swift in Sources */ = {isa = PBXBuildFile; fileRef = FFE0B8E6513901BD9D46F2FA /* StickerBorderPickerView.swift */; };
		50D1435CD2C021AF375212FA /* StickerBorderServiceTests.swift in Sources */ = {isa = PBXBuildFile; fileRef = 504A7665F90173671AD3B76A /* StickerBorderServiceTests.swift */; };
		51EDBBD61C732A65999AA9E4 /* BoardEditorView.swift in Sources */ = {isa = PBXBuildFile; fileRef = EB005F042AEE62F5E35C66E2 /* BoardEditorView.swift */; };
		54189D617D853C9D06F172AE /* BackgroundImageStorageTests.swift in Sources */ = {isa = PBXBuildFile; fileRef = 795F7B5B94087F04001DE523 /* BackgroundImageStorageTests.swift */; };
		55E9EE6723FF659967D5B49F /* SubscriptionProductTests.swift in Sources */ = {isa = PBXBuildFile; fileRef = BCDBB451BECC869CD24CAF7B /* SubscriptionProductTests.swift */; };
		564A5D5F41AB5B43E4103611 /* StickerBoardApp.swift in Sources */ = {isa = PBXBuildFile; fileRef = D23D569B5232A2F3DB9F3B61 /* StickerBoardApp.swift */; };
		567094296030D6D397CCFDA2 /* Assets.xcassets in Resources */ = {isa = PBXBuildFile; fileRef = F870EE68E060BE5480814A21 /* Assets.xcassets */; };
		57ADA124B508F310C9786DDD /* SettingsAccessibilityTests.swift in Sources */ = {isa = PBXBuildFile; fileRef = FEA269B34011892E6EAED96D /* SettingsAccessibilityTests.swift */; };
		5AAD2F7A210494638C8EEBB5 /* CaptureAccessibilityTests.swift in Sources */ = {isa = PBXBuildFile; fileRef = 530CD661BF00498FE8299E3E /* CaptureAccessibilityTests.swift */; };
		62899C4D692BD195F7F0A16B /* OnboardingPageIndicator.swift in Sources */ = {isa = PBXBuildFile; fileRef = 1A6669D6CA5D4EAD5DB7BF3C /* OnboardingPageIndicator.swift */; };
		65C2B4E7FEA4EACCD89B17F5 /* WidgetDataSyncService.swift in Sources */ = {isa = PBXBuildFile; fileRef = 3AA9B705D7B3675A472439D3 /* WidgetDataSyncService.swift */; };
		71630AD405448E0B887E9228 /* HolographicAccessibilityTests.swift in Sources */ = {isa = PBXBuildFile; fileRef = 3E3E385C3511299350E1EDC0 /* HolographicAccessibilityTests.swift */; };
		720B355DF1F2E16DA0D57E85 /* CameraView.swift in Sources */ = {isa = PBXBuildFile; fileRef = B8B41B23D775F8487A3B361B /* CameraView.swift */; };
		73FA13E3158C1F1BDACB6C08 /* MotionManager.swift in Sources */ = {isa = PBXBuildFile; fileRef = BE45BBB2C51CC68C9B0C8EBB /* MotionManager.swift */; };
		8124DEAC93C46FA70F835CF0 /* SharedCIContext.swift in Sources */ = {isa = PBXBuildFile; fileRef = C94311FE1E30296BB608F927 /* SharedCIContext.swift */; };
		8834A7A836ECA4320FA81370 /* MultiStickerSelectionView.swift in Sources */ = {isa = PBXBuildFile; fileRef = E24D931F5239EB34E8311209 /* MultiStickerSelectionView.swift */; };
		89ABB4288877EB39D9B22BD7 /* StickerBoardWidgetExtension.appex in Embed Foundation Extensions */ = {isa = PBXBuildFile; fileRef = 5FF690E061C9B4C41740689C /* StickerBoardWidgetExtension.appex */; settings = {ATTRIBUTES = (RemoveHeadersOnCopy, ); }; };
		8A0BE5317CBBA4F680A00C60 /* HolographicEffectModifier.swift in Sources */ = {isa = PBXBuildFile; fileRef = 3834BB169411132599770224 /* HolographicEffectModifier.swift */; };
		91B6DD4664FB19D95590BC04 /* SubscriptionManager.swift in Sources */ = {isa = PBXBuildFile; fileRef = 9FFB83566A2BC0906338F77F /* SubscriptionManager.swift */; };
		91F9C1053CEBEFD48083BA55 /* BoardShowcaseIntent.swift in Sources */ = {isa = PBXBuildFile; fileRef = 7FA79057C282BD3CE501F363 /* BoardShowcaseIntent.swift */; };
		946C3EF198BC305C48293848 /* StickerCaptureView.swift in Sources */ = {isa = PBXBuildFile; fileRef = 1D878D128C4599B9F13AD702 /* StickerCaptureView.swift */; };
		968265A0068025FDA475B948 /* DebugPrintRemovalTests.swift in Sources */ = {isa = PBXBuildFile; fileRef = 184AC63B41CB824E00123DE8 /* DebugPrintRemovalTests.swift */; };
		98E01017AB164E7839FE687E /* SharedWidgetConstants.swift in Sources */ = {isa = PBXBuildFile; fileRef = 33A9760F22EDD717B2205202 /* SharedWidgetConstants.swift */; };
		9ADB3E6146D90A1ED01BA205 /* StickerPlacement.swift in Sources */ = {isa = PBXBuildFile; fileRef = D8F0053CD2C5B7ABC5FC4A01 /* StickerPlacement.swift */; };
		9B6AE8CDABF573157738B32A /* Sticker.swift in Sources */ = {isa = PBXBuildFile; fileRef = F6B638736BE2DE98C1C08D4B /* Sticker.swift */; };
		9F18F7BCD225FCCA7127FFEF /* ImageStorage.swift in Sources */ = {isa = PBXBuildFile; fileRef = DFE93838BF2C08278A3401AE /* ImageStorage.swift */; };
		A10D2757338DA6B28B63FD24 /* FilterBorderAccessibilityTests.swift in Sources */ = {isa = PBXBuildFile; fileRef = EF3C9D7666FCCC1875EBD61B /* FilterBorderAccessibilityTests.swift */; };
		A282C9579FE88F9AAA4AAB8E /* MultiStickerSelectionAccessibilityTests.swift in Sources */ = {isa = PBXBuildFile; fileRef = EF8707E62DE974CFCF4EBA7F /* MultiStickerSelectionAccessibilityTests.swift */; };
		A2C99DBAA8B716918E186B09 /* WidgetDataManager.swift in Sources */ = {isa = PBXBuildFile; fileRef = B705C9966BB0F482903B62FE /* WidgetDataManager.swift */; };
		A9E174752B496F13389C1181 /* StickerPreviewView.swift in Sources */ = {isa = PBXBuildFile; fileRef = 6364161BD5EB2AA06CF6AE7D /* StickerPreviewView.swift */; };
		AF1C7EC7EF7362CD7ABA273B /* WidgetDataSyncServiceTests.swift in Sources */ = {isa = PBXBuildFile; fileRef = 827CF4CCF758CF7D72CCC423 /* WidgetDataSyncServiceTests.swift */; };
		B361D0D57A3AB393E69DA39C /* StickerBorder.swift in Sources */ = {isa = PBXBuildFile; fileRef = 19E5D6F908EE947CC125BAC4 /* StickerBorder.swift */; };
		B4AA40A530C03F83FF775E31 /* BackgroundPattern.swift in Sources */ = {isa = PBXBuildFile; fileRef = CEC1436F39A4162AD412D53A /* BackgroundPattern.swift */; };
		B64557CBC40B089B6FDFB338 /* BoardEditorToolbarTests.swift in Sources */ = {isa = PBXBuildFile; fileRef = BFB6A08C090537657BB85CAD /* BoardEditorToolbarTests.swift */; };
		B96495C34AE5425881B553FB /* BoardTests.swift in Sources */ = {isa = PBXBuildFile; fileRef = 259987BEAF660FD74A7333A2 /* BoardTests.swift */; };
		BD758AE1F44F9E566222251D /* AppUpdateCheckerTests.swift in Sources */ = {isa = PBXBuildFile; fileRef = 2BAF06066174FD79C8F5DAD8 /* AppUpdateCheckerTests.swift */; };
		BDC24ACEB8628C05167A1914 /* PaywallAccessibilityTests.swift in Sources */ = {isa = PBXBuildFile; fileRef = 2C2647DE31B6EC1A661584CC /* PaywallAccessibilityTests.swift */; };
		BDD4B606C0138C4D7142458D /* StickerItemView.swift in Sources */ = {isa = PBXBuildFile; fileRef = CBF271962CA9EF750652A353 /* StickerItemView.swift */; };
		BED979FE590B8C4D2ECA17E5 /* BoardShowcaseView.swift in Sources */ = {isa = PBXBuildFile; fileRef = D580E04D977AE3825B222BDA /* BoardShowcaseView.swift */; };
		BFF87E82B1ACC34DD2F9E78E /* ReviewRequestManagerTests.swift in Sources */ = {isa = PBXBuildFile; fileRef = C592ED5BC9F9E05F81F080EB /* ReviewRequestManagerTests.swift */; };
		C2AF5B0E2BFAC184CC8279FA /* StickerBorderTests.swift in Sources */ = {isa = PBXBuildFile; fileRef = 276A77B1063731059420BB58 /* StickerBorderTests.swift */; };
		C4460E2AC4B0A01446BD3666 /* StickerLibraryAccessibilityTests.swift in Sources */ = {isa = PBXBuildFile; fileRef = 0B6E414C38C81FDD95EBC2EE /* StickerLibraryAccessibilityTests.swift */; };
		C98D76F680578FBA369FBE52 /* AccessibilityRuleTests.swift in Sources */ = {isa = PBXBuildFile; fileRef = AFDF2A8C549FCAF35D5DD828 /* AccessibilityRuleTests.swift */; };
		CB5CDB350C326919C148B630 /* SubscriptionProduct.swift in Sources */ = {isa = PBXBuildFile; fileRef = 285EEB7B80609E9E695A678B /* SubscriptionProduct.swift */; };
		CD7F900D42AEFF5E5C1C652F /* SettingsView.swift in Sources */ = {isa = PBXBuildFile; fileRef = F297348DD96E3A76B8648C82 /* SettingsView.swift */; };
		CEE293526AD847B540BF5EC7 /* BoardListView.swift in Sources */ = {isa = PBXBuildFile; fileRef = 37C5DFE900836F1D943C5CFB /* BoardListView.swift */; };
		CFAF3F2916CACA75DED85E2C /* BackgroundRemover.swift in Sources */ = {isa = PBXBuildFile; fileRef = E5D9FFAB2F480D8D2327E386 /* BackgroundRemover.swift */; };
		D3B1EF1295C599E94649232E /* SharedWidgetConstants.swift in Sources */ = {isa = PBXBuildFile; fileRef = 33A9760F22EDD717B2205202 /* SharedWidgetConstants.swift */; };
		D4E664769E3A40050B09AA6A /* BackgroundPatternPickerView.swift in Sources */ = {isa = PBXBuildFile; fileRef = 1CE8160539FD33AFF7809C92 /* BackgroundPatternPickerView.swift */; };
		D741DBFD1F632B3907AE5F50 /* ImageCacheManager.swift in Sources */ = {isa = PBXBuildFile; fileRef = C1211D3F280555E23A6562B3 /* ImageCacheManager.swift */; };
		D8FB4DBA0430E40FCFD3F87F /* StickerFilterTests.swift in Sources */ = {isa = PBXBuildFile; fileRef = A215C34AD5CB548459350358 /* StickerFilterTests.swift */; };
		DB745BDCC883E3A46CBFB7C1 /* MainTabView.swift in Sources */ = {isa = PBXBuildFile; fileRef = 2C9A3FC5FB8145015E1952AD /* MainTabView.swift */; };
		E0546E3252F1E756FEC85DA1 /* StickerPlacementTests.swift in Sources */ = {isa = PBXBuildFile; fileRef = B03A91B141329E13EDBEAE9A /* StickerPlacementTests.swift */; };
		E1E29CF14D41BF97D2C1B6E2 /* ImageStorageTests.swift in Sources */ = {isa = PBXBuildFile; fileRef = 604CC75026AD20187DC30B3F /* ImageStorageTests.swift */; };
		E2D14D4429193D3C436BA5D2 /* AppTheme.swift in Sources */ = {isa = PBXBuildFile; fileRef = 3DE8FA1873B214DE9520E815 /* AppTheme.swift */; };
		E4535CB2569518D2A9E42749 /* BoardAccessibilityTests.swift in Sources */ = {isa = PBXBuildFile; fileRef = 453EB379EB98A3F0EDA2660F /* BoardAccessibilityTests.swift */; };
		E6EC80AF4242054250D52AD5 /* MaskDrawingCanvas.swift in Sources */ = {isa = PBXBuildFile; fileRef = 3D95F00C228CAD698E6DB326 /* MaskDrawingCanvas.swift */; };
		E7FAA9CC64A91CCE9076AE66 /* CaptureGuideTipsView.swift in Sources */ = {isa = PBXBuildFile; fileRef = B201CDCE2F666FBBD15D4F72 /* CaptureGuideTipsView.swift */; };
		EC5591236152676EACAFE16E /* OnboardingView.swift in Sources */ = {isa = PBXBuildFile; fileRef = EFB2EBD86DD5578CEFDD4E1F /* OnboardingView.swift */; };
		ED41EDEDCF9EB89E47B5B802 /* BackgroundRemoverTests.swift in Sources */ = {isa = PBXBuildFile; fileRef = FB6EDAB9B790B0F91276B35D /* BackgroundRemoverTests.swift */; };
		EF33BC7291CF1E7AC2831ED8 /* BoardEditorBindingTests.swift in Sources */ = {isa = PBXBuildFile; fileRef = 05D64C35BE0EE1118E31B7E3 /* BoardEditorBindingTests.swift */; };
		EFE200E232D91B33BA4352C6 /* PaywallView.swift in Sources */ = {isa = PBXBuildFile; fileRef = A79F18B6EE07305097CF4B9E /* PaywallView.swift */; };
		F24EB63262D42F1F0D61D1A9 /* ReviewRequestManager.swift in Sources */ = {isa = PBXBuildFile; fileRef = 829436B4B4B3D87B24B6F5D4 /* ReviewRequestManager.swift */; };
		F675B7EB9755F383AB8E0FA9 /* BoardShowcaseWidget.swift in Sources */ = {isa = PBXBuildFile; fileRef = 5E4850F2EEA934F5007C5453 /* BoardShowcaseWidget.swift */; };
		FFE2EA3515CC894BED8FEE78 /* MaskCompositor.swift in Sources */ = {isa = PBXBuildFile; fileRef = 0D6802D6762B69A0CA2A7336 /* MaskCompositor.swift */; };
/* End PBXBuildFile section */

/* Begin PBXContainerItemProxy section */
		065AEAB0184763528288DAD0 /* PBXContainerItemProxy */ = {
			isa = PBXContainerItemProxy;
			containerPortal = 2DBE7030B31B36E4D7BFC99F /* Project object */;
			proxyType = 1;
			remoteGlobalIDString = E6863102A9D6F5B44450D9F3;
			remoteInfo = StickerBoardWidgetExtension;
		};
		94709259EFCE9981AA75C3CA /* PBXContainerItemProxy */ = {
			isa = PBXContainerItemProxy;
			containerPortal = 2DBE7030B31B36E4D7BFC99F /* Project object */;
			proxyType = 1;
			remoteGlobalIDString = 0B29D359482E097AD87D353F;
			remoteInfo = StickerBoard;
		};
/* End PBXContainerItemProxy section */

/* Begin PBXCopyFilesBuildPhase section */
		0D23EACB30CDB529AC0E81EE /* Embed Foundation Extensions */ = {
			isa = PBXCopyFilesBuildPhase;
			buildActionMask = 2147483647;
			dstPath = "";
			dstSubfolderSpec = 13;
			files = (
				89ABB4288877EB39D9B22BD7 /* StickerBoardWidgetExtension.appex in Embed Foundation Extensions */,
			);
			name = "Embed Foundation Extensions";
			runOnlyForDeploymentPostprocessing = 0;
		};
/* End PBXCopyFilesBuildPhase section */

/* Begin PBXFileReference section */
		05D64C35BE0EE1118E31B7E3 /* BoardEditorBindingTests.swift */ = {isa = PBXFileReference; lastKnownFileType = sourcecode.swift; path = BoardEditorBindingTests.swift; sourceTree = "<group>"; };
		0B6E414C38C81FDD95EBC2EE /* StickerLibraryAccessibilityTests.swift */ = {isa = PBXFileReference; lastKnownFileType = sourcecode.swift; path = StickerLibraryAccessibilityTests.swift; sourceTree = "<group>"; };
		0D6802D6762B69A0CA2A7336 /* MaskCompositor.swift */ = {isa = PBXFileReference; lastKnownFileType = sourcecode.swift; path = MaskCompositor.swift; sourceTree = "<group>"; };
		11C89501ABCC774418176436 /* WidgetModelsTests.swift */ = {isa = PBXFileReference; lastKnownFileType = sourcecode.swift; path = WidgetModelsTests.swift; sourceTree = "<group>"; };
		184AC63B41CB824E00123DE8 /* DebugPrintRemovalTests.swift */ = {isa = PBXFileReference; lastKnownFileType = sourcecode.swift; path = DebugPrintRemovalTests.swift; sourceTree = "<group>"; };
		19E5D6F908EE947CC125BAC4 /* StickerBorder.swift */ = {isa = PBXFileReference; lastKnownFileType = sourcecode.swift; path = StickerBorder.swift; sourceTree = "<group>"; };
		1A6669D6CA5D4EAD5DB7BF3C /* OnboardingPageIndicator.swift */ = {isa = PBXFileReference; lastKnownFileType = sourcecode.swift; path = OnboardingPageIndicator.swift; sourceTree = "<group>"; };
		1BF7C58976D7F4A010B330FC /* HomeView.swift */ = {isa = PBXFileReference; lastKnownFileType = sourcecode.swift; path = HomeView.swift; sourceTree = "<group>"; };
		1CE8160539FD33AFF7809C92 /* BackgroundPatternPickerView.swift */ = {isa = PBXFileReference; lastKnownFileType = sourcecode.swift; path = BackgroundPatternPickerView.swift; sourceTree = "<group>"; };
		1D878D128C4599B9F13AD702 /* StickerCaptureView.swift */ = {isa = PBXFileReference; lastKnownFileType = sourcecode.swift; path = StickerCaptureView.swift; sourceTree = "<group>"; };
		24DB2CADF1571137158B612F /* OnboardingPageView.swift */ = {isa = PBXFileReference; lastKnownFileType = sourcecode.swift; path = OnboardingPageView.swift; sourceTree = "<group>"; };
		25715A103AD977A60A5C825C /* Products.storekit */ = {isa = PBXFileReference; path = Products.storekit; sourceTree = "<group>"; };
		259987BEAF660FD74A7333A2 /* BoardTests.swift */ = {isa = PBXFileReference; lastKnownFileType = sourcecode.swift; path = BoardTests.swift; sourceTree = "<group>"; };
		276A77B1063731059420BB58 /* StickerBorderTests.swift */ = {isa = PBXFileReference; lastKnownFileType = sourcecode.swift; path = StickerBorderTests.swift; sourceTree = "<group>"; };
		27912520AF159D0D12135A2C /* SharedBoardMetadata.swift */ = {isa = PBXFileReference; lastKnownFileType = sourcecode.swift; path = SharedBoardMetadata.swift; sourceTree = "<group>"; };
		285EEB7B80609E9E695A678B /* SubscriptionProduct.swift */ = {isa = PBXFileReference; lastKnownFileType = sourcecode.swift; path = SubscriptionProduct.swift; sourceTree = "<group>"; };
		2BAF06066174FD79C8F5DAD8 /* AppUpdateCheckerTests.swift */ = {isa = PBXFileReference; lastKnownFileType = sourcecode.swift; path = AppUpdateCheckerTests.swift; sourceTree = "<group>"; };
		2C2647DE31B6EC1A661584CC /* PaywallAccessibilityTests.swift */ = {isa = PBXFileReference; lastKnownFileType = sourcecode.swift; path = PaywallAccessibilityTests.swift; sourceTree = "<group>"; };
		2C9A3FC5FB8145015E1952AD /* MainTabView.swift */ = {isa = PBXFileReference; lastKnownFileType = sourcecode.swift; path = MainTabView.swift; sourceTree = "<group>"; };
		32104833845A2ADD7C14A5F8 /* Board.swift */ = {isa = PBXFileReference; lastKnownFileType = sourcecode.swift; path = Board.swift; sourceTree = "<group>"; };
		33A9760F22EDD717B2205202 /* SharedWidgetConstants.swift */ = {isa = PBXFileReference; lastKnownFileType = sourcecode.swift; path = SharedWidgetConstants.swift; sourceTree = "<group>"; };
		351900E2F8D31C115B9F755A /* UIImageExtensionTests.swift */ = {isa = PBXFileReference; lastKnownFileType = sourcecode.swift; path = UIImageExtensionTests.swift; sourceTree = "<group>"; };
		37C5DFE900836F1D943C5CFB /* BoardListView.swift */ = {isa = PBXFileReference; lastKnownFileType = sourcecode.swift; path = BoardListView.swift; sourceTree = "<group>"; };
		3834BB169411132599770224 /* HolographicEffectModifier.swift */ = {isa = PBXFileReference; lastKnownFileType = sourcecode.swift; path = HolographicEffectModifier.swift; sourceTree = "<group>"; };
		3AA9B705D7B3675A472439D3 /* WidgetDataSyncService.swift */ = {isa = PBXFileReference; lastKnownFileType = sourcecode.swift; path = WidgetDataSyncService.swift; sourceTree = "<group>"; };
		3D95F00C228CAD698E6DB326 /* MaskDrawingCanvas.swift */ = {isa = PBXFileReference; lastKnownFileType = sourcecode.swift; path = MaskDrawingCanvas.swift; sourceTree = "<group>"; };
		3DE8FA1873B214DE9520E815 /* AppTheme.swift */ = {isa = PBXFileReference; lastKnownFileType = sourcecode.swift; path = AppTheme.swift; sourceTree = "<group>"; };
		3E3E385C3511299350E1EDC0 /* HolographicAccessibilityTests.swift */ = {isa = PBXFileReference; lastKnownFileType = sourcecode.swift; path = HolographicAccessibilityTests.swift; sourceTree = "<group>"; };
		453EB379EB98A3F0EDA2660F /* BoardAccessibilityTests.swift */ = {isa = PBXFileReference; lastKnownFileType = sourcecode.swift; path = BoardAccessibilityTests.swift; sourceTree = "<group>"; };
		4C642A18BD372D652AF5FF3B /* BoardDeleteConfirmationTests.swift */ = {isa = PBXFileReference; lastKnownFileType = sourcecode.swift; path = BoardDeleteConfirmationTests.swift; sourceTree = "<group>"; };
		4E07374D0724CABB84AC640D /* StickerFilterPickerView.swift */ = {isa = PBXFileReference; lastKnownFileType = sourcecode.swift; path = StickerFilterPickerView.swift; sourceTree = "<group>"; };
		504A7665F90173671AD3B76A /* StickerBorderServiceTests.swift */ = {isa = PBXFileReference; lastKnownFileType = sourcecode.swift; path = StickerBorderServiceTests.swift; sourceTree = "<group>"; };
		530CD661BF00498FE8299E3E /* CaptureAccessibilityTests.swift */ = {isa = PBXFileReference; lastKnownFileType = sourcecode.swift; path = CaptureAccessibilityTests.swift; sourceTree = "<group>"; };
		54C1D00261EB4F86866F685A /* BackgroundPatternTests.swift */ = {isa = PBXFileReference; lastKnownFileType = sourcecode.swift; path = BackgroundPatternTests.swift; sourceTree = "<group>"; };
		5E4850F2EEA934F5007C5453 /* BoardShowcaseWidget.swift */ = {isa = PBXFileReference; lastKnownFileType = sourcecode.swift; path = BoardShowcaseWidget.swift; sourceTree = "<group>"; };
		5FF690E061C9B4C41740689C /* StickerBoardWidgetExtension.appex */ = {isa = PBXFileReference; includeInIndex = 0; lastKnownFileType = "wrapper.app-extension"; path = StickerBoardWidgetExtension.appex; sourceTree = BUILT_PRODUCTS_DIR; };
		604CC75026AD20187DC30B3F /* ImageStorageTests.swift */ = {isa = PBXFileReference; lastKnownFileType = sourcecode.swift; path = ImageStorageTests.swift; sourceTree = "<group>"; };
		6364161BD5EB2AA06CF6AE7D /* StickerPreviewView.swift */ = {isa = PBXFileReference; lastKnownFileType = sourcecode.swift; path = StickerPreviewView.swift; sourceTree = "<group>"; };
		63A5D91A35FA8C43BD1C0C8A /* StickerBoardWidgetBundle.swift */ = {isa = PBXFileReference; lastKnownFileType = sourcecode.swift; path = StickerBoardWidgetBundle.swift; sourceTree = "<group>"; };
		65E1C01A5827BE3EBB62E6DF /* StickerBoardWidget.entitlements */ = {isa = PBXFileReference; lastKnownFileType = text.plist.entitlements; path = StickerBoardWidget.entitlements; sourceTree = "<group>"; };
		701F95F5E765F73DE7181F78 /* BrushToolbar.swift */ = {isa = PBXFileReference; lastKnownFileType = sourcecode.swift; path = BrushToolbar.swift; sourceTree = "<group>"; };
		72BDF52675318C095BD25921 /* Info.plist */ = {isa = PBXFileReference; lastKnownFileType = text.plist; path = Info.plist; sourceTree = "<group>"; };
		73436443E84517F0AAC3C265 /* BoardBackgroundView.swift */ = {isa = PBXFileReference; lastKnownFileType = sourcecode.swift; path = BoardBackgroundView.swift; sourceTree = "<group>"; };
		795F7B5B94087F04001DE523 /* BackgroundImageStorageTests.swift */ = {isa = PBXFileReference; lastKnownFileType = sourcecode.swift; path = BackgroundImageStorageTests.swift; sourceTree = "<group>"; };
		7CD06747BFE70CBCA6E9F737 /* Info.plist */ = {isa = PBXFileReference; lastKnownFileType = text.plist; path = Info.plist; sourceTree = "<group>"; };
		7F33B54B676954CD018A4AA4 /* StickerBoard.entitlements */ = {isa = PBXFileReference; lastKnownFileType = text.plist.entitlements; path = StickerBoard.entitlements; sourceTree = "<group>"; };
		7FA79057C282BD3CE501F363 /* BoardShowcaseIntent.swift */ = {isa = PBXFileReference; lastKnownFileType = sourcecode.swift; path = BoardShowcaseIntent.swift; sourceTree = "<group>"; };
		82762278F79270BA92FD3D38 /* MaskCompositorTests.swift */ = {isa = PBXFileReference; lastKnownFileType = sourcecode.swift; path = MaskCompositorTests.swift; sourceTree = "<group>"; };
		827CF4CCF758CF7D72CCC423 /* WidgetDataSyncServiceTests.swift */ = {isa = PBXFileReference; lastKnownFileType = sourcecode.swift; path = WidgetDataSyncServiceTests.swift; sourceTree = "<group>"; };
		829436B4B4B3D87B24B6F5D4 /* ReviewRequestManager.swift */ = {isa = PBXFileReference; lastKnownFileType = sourcecode.swift; path = ReviewRequestManager.swift; sourceTree = "<group>"; };
		8CA42CC44A656C4DE5FDD444 /* BackgroundImageStorage.swift */ = {isa = PBXFileReference; lastKnownFileType = sourcecode.swift; path = BackgroundImageStorage.swift; sourceTree = "<group>"; };
		98F3C1F87DFC6BE33492062C /* StickerBoard.app */ = {isa = PBXFileReference; includeInIndex = 0; lastKnownFileType = wrapper.application; path = StickerBoard.app; sourceTree = BUILT_PRODUCTS_DIR; };
		9B695157C87669CCB70690F4 /* StickerBoardTests.xctest */ = {isa = PBXFileReference; includeInIndex = 0; lastKnownFileType = wrapper.cfbundle; path = StickerBoardTests.xctest; sourceTree = BUILT_PRODUCTS_DIR; };
		9F51DD1916FC4B3337ADA86F /* MaskEditorView.swift */ = {isa = PBXFileReference; lastKnownFileType = sourcecode.swift; path = MaskEditorView.swift; sourceTree = "<group>"; };
		9FFB83566A2BC0906338F77F /* SubscriptionManager.swift */ = {isa = PBXFileReference; lastKnownFileType = sourcecode.swift; path = SubscriptionManager.swift; sourceTree = "<group>"; };
		A215C34AD5CB548459350358 /* StickerFilterTests.swift */ = {isa = PBXFileReference; lastKnownFileType = sourcecode.swift; path = StickerFilterTests.swift; sourceTree = "<group>"; };
		A3FC7C093763688E6344217F /* StickerFilter.swift */ = {isa = PBXFileReference; lastKnownFileType = sourcecode.swift; path = StickerFilter.swift; sourceTree = "<group>"; };
		A79F18B6EE07305097CF4B9E /* PaywallView.swift */ = {isa = PBXFileReference; lastKnownFileType = sourcecode.swift; path = PaywallView.swift; sourceTree = "<group>"; };
		ABCD1438794D34A642F45B93 /* StickerBorderService.swift */ = {isa = PBXFileReference; lastKnownFileType = sourcecode.swift; path = StickerBorderService.swift; sourceTree = "<group>"; };
		AFDF2A8C549FCAF35D5DD828 /* AccessibilityRuleTests.swift */ = {isa = PBXFileReference; lastKnownFileType = sourcecode.swift; path = AccessibilityRuleTests.swift; sourceTree = "<group>"; };
		B03A91B141329E13EDBEAE9A /* StickerPlacementTests.swift */ = {isa = PBXFileReference; lastKnownFileType = sourcecode.swift; path = StickerPlacementTests.swift; sourceTree = "<group>"; };
		B201CDCE2F666FBBD15D4F72 /* CaptureGuideTipsView.swift */ = {isa = PBXFileReference; lastKnownFileType = sourcecode.swift; path = CaptureGuideTipsView.swift; sourceTree = "<group>"; };
		B705C9966BB0F482903B62FE /* WidgetDataManager.swift */ = {isa = PBXFileReference; lastKnownFileType = sourcecode.swift; path = WidgetDataManager.swift; sourceTree = "<group>"; };
		B8B41B23D775F8487A3B361B /* CameraView.swift */ = {isa = PBXFileReference; lastKnownFileType = sourcecode.swift; path = CameraView.swift; sourceTree = "<group>"; };
		BCBDA121148C553378F3C860 /* AppUpdateChecker.swift */ = {isa = PBXFileReference; lastKnownFileType = sourcecode.swift; path = AppUpdateChecker.swift; sourceTree = "<group>"; };
		BCDBB451BECC869CD24CAF7B /* SubscriptionProductTests.swift */ = {isa = PBXFileReference; lastKnownFileType = sourcecode.swift; path = SubscriptionProductTests.swift; sourceTree = "<group>"; };
		BE45BBB2C51CC68C9B0C8EBB /* MotionManager.swift */ = {isa = PBXFileReference; lastKnownFileType = sourcecode.swift; path = MotionManager.swift; sourceTree = "<group>"; };
		BFB6A08C090537657BB85CAD /* BoardEditorToolbarTests.swift */ = {isa = PBXFileReference; lastKnownFileType = sourcecode.swift; path = BoardEditorToolbarTests.swift; sourceTree = "<group>"; };
		C1211D3F280555E23A6562B3 /* ImageCacheManager.swift */ = {isa = PBXFileReference; lastKnownFileType = sourcecode.swift; path = ImageCacheManager.swift; sourceTree = "<group>"; };
		C592ED5BC9F9E05F81F080EB /* ReviewRequestManagerTests.swift */ = {isa = PBXFileReference; lastKnownFileType = sourcecode.swift; path = ReviewRequestManagerTests.swift; sourceTree = "<group>"; };
		C772005BADEC8B242A0A39E8 /* OnboardingAccessibilityTests.swift */ = {isa = PBXFileReference; lastKnownFileType = sourcecode.swift; path = OnboardingAccessibilityTests.swift; sourceTree = "<group>"; };
		C94311FE1E30296BB608F927 /* SharedCIContext.swift */ = {isa = PBXFileReference; lastKnownFileType = sourcecode.swift; path = SharedCIContext.swift; sourceTree = "<group>"; };
		CBF271962CA9EF750652A353 /* StickerItemView.swift */ = {isa = PBXFileReference; lastKnownFileType = sourcecode.swift; path = StickerItemView.swift; sourceTree = "<group>"; };
		CEC1436F39A4162AD412D53A /* BackgroundPattern.swift */ = {isa = PBXFileReference; lastKnownFileType = sourcecode.swift; path = BackgroundPattern.swift; sourceTree = "<group>"; };
		D23D569B5232A2F3DB9F3B61 /* StickerBoardApp.swift */ = {isa = PBXFileReference; lastKnownFileType = sourcecode.swift; path = StickerBoardApp.swift; sourceTree = "<group>"; };
		D44F094F53D9CC5028477F0F /* StickerFilterService.swift */ = {isa = PBXFileReference; lastKnownFileType = sourcecode.swift; path = StickerFilterService.swift; sourceTree = "<group>"; };
		D580E04D977AE3825B222BDA /* BoardShowcaseView.swift */ = {isa = PBXFileReference; lastKnownFileType = sourcecode.swift; path = BoardShowcaseView.swift; sourceTree = "<group>"; };
		D6B0FF96EE3690AFD3B800B6 /* StickerFilterServiceTests.swift */ = {isa = PBXFileReference; lastKnownFileType = sourcecode.swift; path = StickerFilterServiceTests.swift; sourceTree = "<group>"; };
		D8F0053CD2C5B7ABC5FC4A01 /* StickerPlacement.swift */ = {isa = PBXFileReference; lastKnownFileType = sourcecode.swift; path = StickerPlacement.swift; sourceTree = "<group>"; };
		DF89F309D9AC84739E116281 /* StickerLibraryView.swift */ = {isa = PBXFileReference; lastKnownFileType = sourcecode.swift; path = StickerLibraryView.swift; sourceTree = "<group>"; };
		DFE93838BF2C08278A3401AE /* ImageStorage.swift */ = {isa = PBXFileReference; lastKnownFileType = sourcecode.swift; path = ImageStorage.swift; sourceTree = "<group>"; };
		E24D931F5239EB34E8311209 /* MultiStickerSelectionView.swift */ = {isa = PBXFileReference; lastKnownFileType = sourcecode.swift; path = MultiStickerSelectionView.swift; sourceTree = "<group>"; };
		E5D9FFAB2F480D8D2327E386 /* BackgroundRemover.swift */ = {isa = PBXFileReference; lastKnownFileType = sourcecode.swift; path = BackgroundRemover.swift; sourceTree = "<group>"; };
		EB005F042AEE62F5E35C66E2 /* BoardEditorView.swift */ = {isa = PBXFileReference; lastKnownFileType = sourcecode.swift; path = BoardEditorView.swift; sourceTree = "<group>"; };
		EF3C9D7666FCCC1875EBD61B /* FilterBorderAccessibilityTests.swift */ = {isa = PBXFileReference; lastKnownFileType = sourcecode.swift; path = FilterBorderAccessibilityTests.swift; sourceTree = "<group>"; };
		EF8707E62DE974CFCF4EBA7F /* MultiStickerSelectionAccessibilityTests.swift */ = {isa = PBXFileReference; lastKnownFileType = sourcecode.swift; path = MultiStickerSelectionAccessibilityTests.swift; sourceTree = "<group>"; };
		EFB2EBD86DD5578CEFDD4E1F /* OnboardingView.swift */ = {isa = PBXFileReference; lastKnownFileType = sourcecode.swift; path = OnboardingView.swift; sourceTree = "<group>"; };
		F297348DD96E3A76B8648C82 /* SettingsView.swift */ = {isa = PBXFileReference; lastKnownFileType = sourcecode.swift; path = SettingsView.swift; sourceTree = "<group>"; };
		F6B638736BE2DE98C1C08D4B /* Sticker.swift */ = {isa = PBXFileReference; lastKnownFileType = sourcecode.swift; path = Sticker.swift; sourceTree = "<group>"; };
		F870EE68E060BE5480814A21 /* Assets.xcassets */ = {isa = PBXFileReference; lastKnownFileType = folder.assetcatalog; path = Assets.xcassets; sourceTree = "<group>"; };
		FB6EDAB9B790B0F91276B35D /* BackgroundRemoverTests.swift */ = {isa = PBXFileReference; lastKnownFileType = sourcecode.swift; path = BackgroundRemoverTests.swift; sourceTree = "<group>"; };
		FE8B7F0F5A52456C43D5F45E /* AppURLs.swift */ = {isa = PBXFileReference; lastKnownFileType = sourcecode.swift; path = AppURLs.swift; sourceTree = "<group>"; };
		FEA269B34011892E6EAED96D /* SettingsAccessibilityTests.swift */ = {isa = PBXFileReference; lastKnownFileType = sourcecode.swift; path = SettingsAccessibilityTests.swift; sourceTree = "<group>"; };
		FFE0B8E6513901BD9D46F2FA /* StickerBorderPickerView.swift */ = {isa = PBXFileReference; lastKnownFileType = sourcecode.swift; path = StickerBorderPickerView.swift; sourceTree = "<group>"; };
/* End PBXFileReference section */

/* Begin PBXGroup section */
		021C610C6A61CFEE5EB53ECC /* Library */ = {
			isa = PBXGroup;
			children = (
				3834BB169411132599770224 /* HolographicEffectModifier.swift */,
				DF89F309D9AC84739E116281 /* StickerLibraryView.swift */,
			);
			path = Library;
			sourceTree = "<group>";
		};
		22130D75CEBE5A13BF65E1B7 /* App */ = {
			isa = PBXGroup;
			children = (
				3DE8FA1873B214DE9520E815 /* AppTheme.swift */,
				FE8B7F0F5A52456C43D5F45E /* AppURLs.swift */,
				D23D569B5232A2F3DB9F3B61 /* StickerBoardApp.swift */,
			);
			path = App;
			sourceTree = "<group>";
		};
		3BC3C5091CECD67473819A76 /* Models */ = {
			isa = PBXGroup;
			children = (
				CEC1436F39A4162AD412D53A /* BackgroundPattern.swift */,
				32104833845A2ADD7C14A5F8 /* Board.swift */,
				F6B638736BE2DE98C1C08D4B /* Sticker.swift */,
				19E5D6F908EE947CC125BAC4 /* StickerBorder.swift */,
				A3FC7C093763688E6344217F /* StickerFilter.swift */,
				D8F0053CD2C5B7ABC5FC4A01 /* StickerPlacement.swift */,
				285EEB7B80609E9E695A678B /* SubscriptionProduct.swift */,
			);
			path = Models;
			sourceTree = "<group>";
		};
		442EB1419FE9DA39FC059D7B /* StickerBoardWidget */ = {
			isa = PBXGroup;
			children = (
				72BDF52675318C095BD25921 /* Info.plist */,
				65E1C01A5827BE3EBB62E6DF /* StickerBoardWidget.entitlements */,
				63A5D91A35FA8C43BD1C0C8A /* StickerBoardWidgetBundle.swift */,
				CEC2A8767276B39998EE83F5 /* BoardShowcase */,
				CF2C8659E02B75B8822E5FC1 /* Shared */,
			);
			path = StickerBoardWidget;
			sourceTree = "<group>";
		};
		46BE6651294E73B34068DEFC /* Views */ = {
			isa = PBXGroup;
			children = (
				6E1874DADF8F12EB3264FE88 /* Board */,
				CAC44C56541E2BEDD5585313 /* Capture */,
				6435F89F9590882059ED8F61 /* Home */,
				021C610C6A61CFEE5EB53ECC /* Library */,
				A3EB3FE439D7B9D452C11016 /* Onboarding */,
				5BB8CB83F51C2BADCE43461A /* Paywall */,
				BD6067F1A30304231070419A /* Settings */,
			);
			path = Views;
			sourceTree = "<group>";
		};
		5BB8CB83F51C2BADCE43461A /* Paywall */ = {
			isa = PBXGroup;
			children = (
				A79F18B6EE07305097CF4B9E /* PaywallView.swift */,
			);
			path = Paywall;
			sourceTree = "<group>";
		};
		6435F89F9590882059ED8F61 /* Home */ = {
			isa = PBXGroup;
			children = (
				1BF7C58976D7F4A010B330FC /* HomeView.swift */,
				2C9A3FC5FB8145015E1952AD /* MainTabView.swift */,
			);
			path = Home;
			sourceTree = "<group>";
		};
		6E1874DADF8F12EB3264FE88 /* Board */ = {
			isa = PBXGroup;
			children = (
				1CE8160539FD33AFF7809C92 /* BackgroundPatternPickerView.swift */,
				73436443E84517F0AAC3C265 /* BoardBackgroundView.swift */,
				EB005F042AEE62F5E35C66E2 /* BoardEditorView.swift */,
				37C5DFE900836F1D943C5CFB /* BoardListView.swift */,
				FFE0B8E6513901BD9D46F2FA /* StickerBorderPickerView.swift */,
				CBF271962CA9EF750652A353 /* StickerItemView.swift */,
			);
			path = Board;
			sourceTree = "<group>";
		};
		79B6FC00FEFFD9A3235C8AC1 /* Shared */ = {
			isa = PBXGroup;
			children = (
				27912520AF159D0D12135A2C /* SharedBoardMetadata.swift */,
				33A9760F22EDD717B2205202 /* SharedWidgetConstants.swift */,
			);
			path = Shared;
			sourceTree = "<group>";
		};
		82217834547736AB42A4F71C /* Products */ = {
			isa = PBXGroup;
			children = (
				98F3C1F87DFC6BE33492062C /* StickerBoard.app */,
				9B695157C87669CCB70690F4 /* StickerBoardTests.xctest */,
				5FF690E061C9B4C41740689C /* StickerBoardWidgetExtension.appex */,
			);
			name = Products;
			sourceTree = "<group>";
		};
		9942628F63D59859340644CA /* Services */ = {
			isa = PBXGroup;
			children = (
				BCBDA121148C553378F3C860 /* AppUpdateChecker.swift */,
				8CA42CC44A656C4DE5FDD444 /* BackgroundImageStorage.swift */,
				E5D9FFAB2F480D8D2327E386 /* BackgroundRemover.swift */,
				C1211D3F280555E23A6562B3 /* ImageCacheManager.swift */,
				DFE93838BF2C08278A3401AE /* ImageStorage.swift */,
				0D6802D6762B69A0CA2A7336 /* MaskCompositor.swift */,
				BE45BBB2C51CC68C9B0C8EBB /* MotionManager.swift */,
				829436B4B4B3D87B24B6F5D4 /* ReviewRequestManager.swift */,
				C94311FE1E30296BB608F927 /* SharedCIContext.swift */,
				ABCD1438794D34A642F45B93 /* StickerBorderService.swift */,
				D44F094F53D9CC5028477F0F /* StickerFilterService.swift */,
				9FFB83566A2BC0906338F77F /* SubscriptionManager.swift */,
				3AA9B705D7B3675A472439D3 /* WidgetDataSyncService.swift */,
			);
			path = Services;
			sourceTree = "<group>";
		};
		A3EB3FE439D7B9D452C11016 /* Onboarding */ = {
			isa = PBXGroup;
			children = (
				1A6669D6CA5D4EAD5DB7BF3C /* OnboardingPageIndicator.swift */,
				24DB2CADF1571137158B612F /* OnboardingPageView.swift */,
				EFB2EBD86DD5578CEFDD4E1F /* OnboardingView.swift */,
			);
			path = Onboarding;
			sourceTree = "<group>";
		};
		AEE31375B1000485F271BCDA = {
			isa = PBXGroup;
			children = (
				25715A103AD977A60A5C825C /* Products.storekit */,
				79B6FC00FEFFD9A3235C8AC1 /* Shared */,
				C8D8999A6C7ED8E315EA643F /* StickerBoard */,
				EC3FAF1E5DC66024EFC64D5B /* StickerBoardTests */,
				442EB1419FE9DA39FC059D7B /* StickerBoardWidget */,
				82217834547736AB42A4F71C /* Products */,
			);
			sourceTree = "<group>";
		};
		BD6067F1A30304231070419A /* Settings */ = {
			isa = PBXGroup;
			children = (
				F297348DD96E3A76B8648C82 /* SettingsView.swift */,
			);
			path = Settings;
			sourceTree = "<group>";
		};
		C8D8999A6C7ED8E315EA643F /* StickerBoard */ = {
			isa = PBXGroup;
			children = (
				F870EE68E060BE5480814A21 /* Assets.xcassets */,
				7CD06747BFE70CBCA6E9F737 /* Info.plist */,
				7F33B54B676954CD018A4AA4 /* StickerBoard.entitlements */,
				22130D75CEBE5A13BF65E1B7 /* App */,
				3BC3C5091CECD67473819A76 /* Models */,
				9942628F63D59859340644CA /* Services */,
				46BE6651294E73B34068DEFC /* Views */,
			);
			path = StickerBoard;
			sourceTree = "<group>";
		};
		CAC44C56541E2BEDD5585313 /* Capture */ = {
			isa = PBXGroup;
			children = (
				701F95F5E765F73DE7181F78 /* BrushToolbar.swift */,
				B8B41B23D775F8487A3B361B /* CameraView.swift */,
				B201CDCE2F666FBBD15D4F72 /* CaptureGuideTipsView.swift */,
				3D95F00C228CAD698E6DB326 /* MaskDrawingCanvas.swift */,
				9F51DD1916FC4B3337ADA86F /* MaskEditorView.swift */,
				E24D931F5239EB34E8311209 /* MultiStickerSelectionView.swift */,
				1D878D128C4599B9F13AD702 /* StickerCaptureView.swift */,
				4E07374D0724CABB84AC640D /* StickerFilterPickerView.swift */,
				6364161BD5EB2AA06CF6AE7D /* StickerPreviewView.swift */,
			);
			path = Capture;
			sourceTree = "<group>";
		};
		CEC2A8767276B39998EE83F5 /* BoardShowcase */ = {
			isa = PBXGroup;
			children = (
				7FA79057C282BD3CE501F363 /* BoardShowcaseIntent.swift */,
				D580E04D977AE3825B222BDA /* BoardShowcaseView.swift */,
				5E4850F2EEA934F5007C5453 /* BoardShowcaseWidget.swift */,
			);
			path = BoardShowcase;
			sourceTree = "<group>";
		};
		CF2C8659E02B75B8822E5FC1 /* Shared */ = {
			isa = PBXGroup;
			children = (
				B705C9966BB0F482903B62FE /* WidgetDataManager.swift */,
			);
			path = Shared;
			sourceTree = "<group>";
		};
		EC3FAF1E5DC66024EFC64D5B /* StickerBoardTests */ = {
			isa = PBXGroup;
			children = (
				AFDF2A8C549FCAF35D5DD828 /* AccessibilityRuleTests.swift */,
				2BAF06066174FD79C8F5DAD8 /* AppUpdateCheckerTests.swift */,
				795F7B5B94087F04001DE523 /* BackgroundImageStorageTests.swift */,
				54C1D00261EB4F86866F685A /* BackgroundPatternTests.swift */,
				FB6EDAB9B790B0F91276B35D /* BackgroundRemoverTests.swift */,
				453EB379EB98A3F0EDA2660F /* BoardAccessibilityTests.swift */,
				4C642A18BD372D652AF5FF3B /* BoardDeleteConfirmationTests.swift */,
				05D64C35BE0EE1118E31B7E3 /* BoardEditorBindingTests.swift */,
				BFB6A08C090537657BB85CAD /* BoardEditorToolbarTests.swift */,
				259987BEAF660FD74A7333A2 /* BoardTests.swift */,
				530CD661BF00498FE8299E3E /* CaptureAccessibilityTests.swift */,
				184AC63B41CB824E00123DE8 /* DebugPrintRemovalTests.swift */,
				EF3C9D7666FCCC1875EBD61B /* FilterBorderAccessibilityTests.swift */,
				3E3E385C3511299350E1EDC0 /* HolographicAccessibilityTests.swift */,
				604CC75026AD20187DC30B3F /* ImageStorageTests.swift */,
				82762278F79270BA92FD3D38 /* MaskCompositorTests.swift */,
				EF8707E62DE974CFCF4EBA7F /* MultiStickerSelectionAccessibilityTests.swift */,
				C772005BADEC8B242A0A39E8 /* OnboardingAccessibilityTests.swift */,
				2C2647DE31B6EC1A661584CC /* PaywallAccessibilityTests.swift */,
				C592ED5BC9F9E05F81F080EB /* ReviewRequestManagerTests.swift */,
				FEA269B34011892E6EAED96D /* SettingsAccessibilityTests.swift */,
				504A7665F90173671AD3B76A /* StickerBorderServiceTests.swift */,
				276A77B1063731059420BB58 /* StickerBorderTests.swift */,
				D6B0FF96EE3690AFD3B800B6 /* StickerFilterServiceTests.swift */,
				A215C34AD5CB548459350358 /* StickerFilterTests.swift */,
				0B6E414C38C81FDD95EBC2EE /* StickerLibraryAccessibilityTests.swift */,
				B03A91B141329E13EDBEAE9A /* StickerPlacementTests.swift */,
				BCDBB451BECC869CD24CAF7B /* SubscriptionProductTests.swift */,
				351900E2F8D31C115B9F755A /* UIImageExtensionTests.swift */,
				827CF4CCF758CF7D72CCC423 /* WidgetDataSyncServiceTests.swift */,
				11C89501ABCC774418176436 /* WidgetModelsTests.swift */,
			);
			path = StickerBoardTests;
			sourceTree = "<group>";
		};
/* End PBXGroup section */

/* Begin PBXNativeTarget section */
		0B29D359482E097AD87D353F /* StickerBoard */ = {
			isa = PBXNativeTarget;
			buildConfigurationList = C49EBF95691B167B371A1E13 /* Build configuration list for PBXNativeTarget "StickerBoard" */;
			buildPhases = (
				244E956BA0A3E92638ED40CF /* Sources */,
				67AA63EB3485544E3214CF75 /* Resources */,
				0D23EACB30CDB529AC0E81EE /* Embed Foundation Extensions */,
			);
			buildRules = (
			);
			dependencies = (
				E3C2C96131DC405B353A96D9 /* PBXTargetDependency */,
			);
			name = StickerBoard;
			packageProductDependencies = (
			);
			productName = StickerBoard;
			productReference = 98F3C1F87DFC6BE33492062C /* StickerBoard.app */;
			productType = "com.apple.product-type.application";
		};
		0D74B244B092AC49686F16BA /* StickerBoardTests */ = {
			isa = PBXNativeTarget;
			buildConfigurationList = 14CFB7E41E6DC0B865F45A4C /* Build configuration list for PBXNativeTarget "StickerBoardTests" */;
			buildPhases = (
				2BDAE62E507FC6C7CA42E8AE /* Sources */,
			);
			buildRules = (
			);
			dependencies = (
				3981C5989E8202D90637D42B /* PBXTargetDependency */,
			);
			name = StickerBoardTests;
			packageProductDependencies = (
			);
			productName = StickerBoardTests;
			productReference = 9B695157C87669CCB70690F4 /* StickerBoardTests.xctest */;
			productType = "com.apple.product-type.bundle.unit-test";
		};
		E6863102A9D6F5B44450D9F3 /* StickerBoardWidgetExtension */ = {
			isa = PBXNativeTarget;
			buildConfigurationList = CAD3CDAF2B617CBE460D4162 /* Build configuration list for PBXNativeTarget "StickerBoardWidgetExtension" */;
			buildPhases = (
				831CAD0847B8E757B947A0E8 /* Sources */,
			);
			buildRules = (
			);
			dependencies = (
			);
			name = StickerBoardWidgetExtension;
			packageProductDependencies = (
			);
			productName = StickerBoardWidgetExtension;
			productReference = 5FF690E061C9B4C41740689C /* StickerBoardWidgetExtension.appex */;
			productType = "com.apple.product-type.app-extension";
		};
/* End PBXNativeTarget section */

/* Begin PBXProject section */
		2DBE7030B31B36E4D7BFC99F /* Project object */ = {
			isa = PBXProject;
			attributes = {
				BuildIndependentTargetsInParallel = YES;
				LastUpgradeCheck = 1600;
				TargetAttributes = {
					0B29D359482E097AD87D353F = {
						DevelopmentTeam = 6CGGS6SX69;
						ProvisioningStyle = Automatic;
					};
					E6863102A9D6F5B44450D9F3 = {
						DevelopmentTeam = 6CGGS6SX69;
						ProvisioningStyle = Automatic;
					};
				};
			};
			buildConfigurationList = 8772A176C103444BF7720D23 /* Build configuration list for PBXProject "StickerBoard" */;
			developmentRegion = en;
			hasScannedForEncodings = 0;
			knownRegions = (
				Base,
				en,
			);
			mainGroup = AEE31375B1000485F271BCDA;
			minimizedProjectReferenceProxies = 1;
			preferredProjectObjectVersion = 77;
			productRefGroup = 82217834547736AB42A4F71C /* Products */;
			projectDirPath = "";
			projectRoot = "";
			targets = (
				0B29D359482E097AD87D353F /* StickerBoard */,
				0D74B244B092AC49686F16BA /* StickerBoardTests */,
				E6863102A9D6F5B44450D9F3 /* StickerBoardWidgetExtension */,
			);
		};
/* End PBXProject section */

/* Begin PBXResourcesBuildPhase section */
		67AA63EB3485544E3214CF75 /* Resources */ = {
			isa = PBXResourcesBuildPhase;
			buildActionMask = 2147483647;
			files = (
				567094296030D6D397CCFDA2 /* Assets.xcassets in Resources */,
			);
			runOnlyForDeploymentPostprocessing = 0;
		};
/* End PBXResourcesBuildPhase section */

/* Begin PBXSourcesBuildPhase section */
		244E956BA0A3E92638ED40CF /* Sources */ = {
			isa = PBXSourcesBuildPhase;
			buildActionMask = 2147483647;
			files = (
				E2D14D4429193D3C436BA5D2 /* AppTheme.swift in Sources */,
				08ADD0896E6540848CAB00C7 /* AppURLs.swift in Sources */,
				25745C4F441381F490112536 /* AppUpdateChecker.swift in Sources */,
				304D7F34602544B702A146D8 /* BackgroundImageStorage.swift in Sources */,
				B4AA40A530C03F83FF775E31 /* BackgroundPattern.swift in Sources */,
				D4E664769E3A40050B09AA6A /* BackgroundPatternPickerView.swift in Sources */,
				CFAF3F2916CACA75DED85E2C /* BackgroundRemover.swift in Sources */,
				1A6D5B570ED5466E73AD8176 /* Board.swift in Sources */,
				416D0E1EC917ED9CBCFAACE4 /* BoardBackgroundView.swift in Sources */,
				51EDBBD61C732A65999AA9E4 /* BoardEditorView.swift in Sources */,
				CEE293526AD847B540BF5EC7 /* BoardListView.swift in Sources */,
				4724B638CB65A0DBF4794EC7 /* BrushToolbar.swift in Sources */,
				720B355DF1F2E16DA0D57E85 /* CameraView.swift in Sources */,
				E7FAA9CC64A91CCE9076AE66 /* CaptureGuideTipsView.swift in Sources */,
				8A0BE5317CBBA4F680A00C60 /* HolographicEffectModifier.swift in Sources */,
				2879C41569C30BC9D3D460E5 /* HomeView.swift in Sources */,
				D741DBFD1F632B3907AE5F50 /* ImageCacheManager.swift in Sources */,
				9F18F7BCD225FCCA7127FFEF /* ImageStorage.swift in Sources */,
				DB745BDCC883E3A46CBFB7C1 /* MainTabView.swift in Sources */,
				FFE2EA3515CC894BED8FEE78 /* MaskCompositor.swift in Sources */,
				E6EC80AF4242054250D52AD5 /* MaskDrawingCanvas.swift in Sources */,
				3E7AC02052003DA43D669B47 /* MaskEditorView.swift in Sources */,
				73FA13E3158C1F1BDACB6C08 /* MotionManager.swift in Sources */,
				8834A7A836ECA4320FA81370 /* MultiStickerSelectionView.swift in Sources */,
				62899C4D692BD195F7F0A16B /* OnboardingPageIndicator.swift in Sources */,
				17F2CCB19526F58F4BCC6D04 /* OnboardingPageView.swift in Sources */,
				EC5591236152676EACAFE16E /* OnboardingView.swift in Sources */,
				EFE200E232D91B33BA4352C6 /* PaywallView.swift in Sources */,
				F24EB63262D42F1F0D61D1A9 /* ReviewRequestManager.swift in Sources */,
				CD7F900D42AEFF5E5C1C652F /* SettingsView.swift in Sources */,
				36E53A08C4668D5590BE46A1 /* SharedBoardMetadata.swift in Sources */,
				8124DEAC93C46FA70F835CF0 /* SharedCIContext.swift in Sources */,
				98E01017AB164E7839FE687E /* SharedWidgetConstants.swift in Sources */,
				9B6AE8CDABF573157738B32A /* Sticker.swift in Sources */,
				564A5D5F41AB5B43E4103611 /* StickerBoardApp.swift in Sources */,
				B361D0D57A3AB393E69DA39C /* StickerBorder.swift in Sources */,
				4BE1A239F068F14C52B8E395 /* StickerBorderPickerView.swift in Sources */,
				29094CE9A81C80A82A9FE337 /* StickerBorderService.swift in Sources */,
				946C3EF198BC305C48293848 /* StickerCaptureView.swift in Sources */,
				1EA00AE13C24C07F0760CC5B /* StickerFilter.swift in Sources */,
				3C58A5E81DEC383139F9311A /* StickerFilterPickerView.swift in Sources */,
				10EB9C33B64B186C1DA9B7AC /* StickerFilterService.swift in Sources */,
				BDD4B606C0138C4D7142458D /* StickerItemView.swift in Sources */,
				0144BFC5D2AC9275B5FA6156 /* StickerLibraryView.swift in Sources */,
				9ADB3E6146D90A1ED01BA205 /* StickerPlacement.swift in Sources */,
				A9E174752B496F13389C1181 /* StickerPreviewView.swift in Sources */,
				91B6DD4664FB19D95590BC04 /* SubscriptionManager.swift in Sources */,
				CB5CDB350C326919C148B630 /* SubscriptionProduct.swift in Sources */,
				65C2B4E7FEA4EACCD89B17F5 /* WidgetDataSyncService.swift in Sources */,
			);
			runOnlyForDeploymentPostprocessing = 0;
		};
		2BDAE62E507FC6C7CA42E8AE /* Sources */ = {
			isa = PBXSourcesBuildPhase;
			buildActionMask = 2147483647;
			files = (
				C98D76F680578FBA369FBE52 /* AccessibilityRuleTests.swift in Sources */,
				BD758AE1F44F9E566222251D /* AppUpdateCheckerTests.swift in Sources */,
				54189D617D853C9D06F172AE /* BackgroundImageStorageTests.swift in Sources */,
				2CB06ED23EB4FB1EA6B7C7CD /* BackgroundPatternTests.swift in Sources */,
				ED41EDEDCF9EB89E47B5B802 /* BackgroundRemoverTests.swift in Sources */,
				E4535CB2569518D2A9E42749 /* BoardAccessibilityTests.swift in Sources */,
				39D882D756B491224A0C519C /* BoardDeleteConfirmationTests.swift in Sources */,
				EF33BC7291CF1E7AC2831ED8 /* BoardEditorBindingTests.swift in Sources */,
				B64557CBC40B089B6FDFB338 /* BoardEditorToolbarTests.swift in Sources */,
				B96495C34AE5425881B553FB /* BoardTests.swift in Sources */,
				5AAD2F7A210494638C8EEBB5 /* CaptureAccessibilityTests.swift in Sources */,
				968265A0068025FDA475B948 /* DebugPrintRemovalTests.swift in Sources */,
				A10D2757338DA6B28B63FD24 /* FilterBorderAccessibilityTests.swift in Sources */,
				71630AD405448E0B887E9228 /* HolographicAccessibilityTests.swift in Sources */,
				E1E29CF14D41BF97D2C1B6E2 /* ImageStorageTests.swift in Sources */,
				2B1517B2E5E84806CB242F6C /* MaskCompositorTests.swift in Sources */,
				A282C9579FE88F9AAA4AAB8E /* MultiStickerSelectionAccessibilityTests.swift in Sources */,
				0AB95DB882B4D5509D6E229E /* OnboardingAccessibilityTests.swift in Sources */,
				BDC24ACEB8628C05167A1914 /* PaywallAccessibilityTests.swift in Sources */,
				BFF87E82B1ACC34DD2F9E78E /* ReviewRequestManagerTests.swift in Sources */,
				57ADA124B508F310C9786DDD /* SettingsAccessibilityTests.swift in Sources */,
				50D1435CD2C021AF375212FA /* StickerBorderServiceTests.swift in Sources */,
				C2AF5B0E2BFAC184CC8279FA /* StickerBorderTests.swift in Sources */,
				23C844417020B51ED20D42AF /* StickerFilterServiceTests.swift in Sources */,
				D8FB4DBA0430E40FCFD3F87F /* StickerFilterTests.swift in Sources */,
				C4460E2AC4B0A01446BD3666 /* StickerLibraryAccessibilityTests.swift in Sources */,
				E0546E3252F1E756FEC85DA1 /* StickerPlacementTests.swift in Sources */,
				55E9EE6723FF659967D5B49F /* SubscriptionProductTests.swift in Sources */,
				33D1A0E16223FCAC8B67B99B /* UIImageExtensionTests.swift in Sources */,
				AF1C7EC7EF7362CD7ABA273B /* WidgetDataSyncServiceTests.swift in Sources */,
				239BFA049BCEBDA3E5B04875 /* WidgetModelsTests.swift in Sources */,
			);
			runOnlyForDeploymentPostprocessing = 0;
		};
		831CAD0847B8E757B947A0E8 /* Sources */ = {
			isa = PBXSourcesBuildPhase;
			buildActionMask = 2147483647;
			files = (
				91F9C1053CEBEFD48083BA55 /* BoardShowcaseIntent.swift in Sources */,
				BED979FE590B8C4D2ECA17E5 /* BoardShowcaseView.swift in Sources */,
				F675B7EB9755F383AB8E0FA9 /* BoardShowcaseWidget.swift in Sources */,
				1B9FD0643BE0A4621A5CFEEF /* SharedBoardMetadata.swift in Sources */,
				D3B1EF1295C599E94649232E /* SharedWidgetConstants.swift in Sources */,
				03B4E3F546E6911F51CF07BC /* StickerBoardWidgetBundle.swift in Sources */,
				A2C99DBAA8B716918E186B09 /* WidgetDataManager.swift in Sources */,
			);
			runOnlyForDeploymentPostprocessing = 0;
		};
/* End PBXSourcesBuildPhase section */

/* Begin PBXTargetDependency section */
		3981C5989E8202D90637D42B /* PBXTargetDependency */ = {
			isa = PBXTargetDependency;
			target = 0B29D359482E097AD87D353F /* StickerBoard */;
			targetProxy = 94709259EFCE9981AA75C3CA /* PBXContainerItemProxy */;
		};
		E3C2C96131DC405B353A96D9 /* PBXTargetDependency */ = {
			isa = PBXTargetDependency;
			target = E6863102A9D6F5B44450D9F3 /* StickerBoardWidgetExtension */;
			targetProxy = 065AEAB0184763528288DAD0 /* PBXContainerItemProxy */;
		};
/* End PBXTargetDependency section */

/* Begin XCBuildConfiguration section */
		26B4D973CEF07DA92A1778EB /* Debug */ = {
			isa = XCBuildConfiguration;
			buildSettings = {
				ASSETCATALOG_COMPILER_APPICON_NAME = AppIcon;
				ASSETCATALOG_COMPILER_GLOBAL_ACCENT_COLOR_NAME = AccentColor;
				CODE_SIGN_ENTITLEMENTS = StickerBoard/StickerBoard.entitlements;
				CODE_SIGN_IDENTITY = "iPhone Developer";
				CODE_SIGN_STYLE = Automatic;
				CURRENT_PROJECT_VERSION = 1;
				DEVELOPMENT_TEAM = 6CGGS6SX69;
				INFOPLIST_FILE = StickerBoard/Info.plist;
				LD_RUNPATH_SEARCH_PATHS = (
					"$(inherited)",
					"@executable_path/Frameworks",
				);
				MARKETING_VERSION = 1.2.1;
				PRODUCT_BUNDLE_IDENTIFIER = com.tebasaki.StickerBoard;
				SDKROOT = iphoneos;
				SWIFT_EMIT_LOC_STRINGS = YES;
				TARGETED_DEVICE_FAMILY = "1,2";
			};
			name = Debug;
		};
		3855C7050AD7435563F3E349 /* Release */ = {
			isa = XCBuildConfiguration;
			buildSettings = {
				ALWAYS_SEARCH_USER_PATHS = NO;
				CLANG_ANALYZER_NONNULL = YES;
				CLANG_ANALYZER_NUMBER_OBJECT_CONVERSION = YES_AGGRESSIVE;
				CLANG_CXX_LANGUAGE_STANDARD = "gnu++14";
				CLANG_CXX_LIBRARY = "libc++";
				CLANG_ENABLE_MODULES = YES;
				CLANG_ENABLE_OBJC_ARC = YES;
				CLANG_ENABLE_OBJC_WEAK = YES;
				CLANG_WARN_BLOCK_CAPTURE_AUTORELEASING = YES;
				CLANG_WARN_BOOL_CONVERSION = YES;
				CLANG_WARN_COMMA = YES;
				CLANG_WARN_CONSTANT_CONVERSION = YES;
				CLANG_WARN_DEPRECATED_OBJC_IMPLEMENTATIONS = YES;
				CLANG_WARN_DIRECT_OBJC_ISA_USAGE = YES_ERROR;
				CLANG_WARN_DOCUMENTATION_COMMENTS = YES;
				CLANG_WARN_EMPTY_BODY = YES;
				CLANG_WARN_ENUM_CONVERSION = YES;
				CLANG_WARN_INFINITE_RECURSION = YES;
				CLANG_WARN_INT_CONVERSION = YES;
				CLANG_WARN_NON_LITERAL_NULL_CONVERSION = YES;
				CLANG_WARN_OBJC_IMPLICIT_RETAIN_SELF = YES;
				CLANG_WARN_OBJC_LITERAL_CONVERSION = YES;
				CLANG_WARN_OBJC_ROOT_CLASS = YES_ERROR;
				CLANG_WARN_QUOTED_INCLUDE_IN_FRAMEWORK_HEADER = YES;
				CLANG_WARN_RANGE_LOOP_ANALYSIS = YES;
				CLANG_WARN_STRICT_PROTOTYPES = YES;
				CLANG_WARN_SUSPICIOUS_MOVE = YES;
				CLANG_WARN_UNGUARDED_AVAILABILITY = YES_AGGRESSIVE;
				CLANG_WARN_UNREACHABLE_CODE = YES;
				CLANG_WARN__DUPLICATE_METHOD_MATCH = YES;
				COPY_PHASE_STRIP = NO;
				DEBUG_INFORMATION_FORMAT = "dwarf-with-dsym";
				ENABLE_NS_ASSERTIONS = NO;
				ENABLE_STRICT_OBJC_MSGSEND = YES;
				GCC_C_LANGUAGE_STANDARD = gnu11;
				GCC_NO_COMMON_BLOCKS = YES;
				GCC_WARN_64_TO_32_BIT_CONVERSION = YES;
				GCC_WARN_ABOUT_RETURN_TYPE = YES_ERROR;
				GCC_WARN_UNDECLARED_SELECTOR = YES;
				GCC_WARN_UNINITIALIZED_AUTOS = YES_AGGRESSIVE;
				GCC_WARN_UNUSED_FUNCTION = YES;
				GCC_WARN_UNUSED_VARIABLE = YES;
				IPHONEOS_DEPLOYMENT_TARGET = 18.0;
				MTL_ENABLE_DEBUG_INFO = NO;
				MTL_FAST_MATH = YES;
				PRODUCT_NAME = "$(TARGET_NAME)";
				SDKROOT = iphoneos;
				SWIFT_COMPILATION_MODE = wholemodule;
				SWIFT_OPTIMIZATION_LEVEL = "-O";
				SWIFT_VERSION = 5.9;
				TARGETED_DEVICE_FAMILY = 1;
			};
			name = Release;
		};
		43CD850AF057F054FD88D11C /* Debug */ = {
			isa = XCBuildConfiguration;
			buildSettings = {
				ALWAYS_SEARCH_USER_PATHS = NO;
				CLANG_ANALYZER_NONNULL = YES;
				CLANG_ANALYZER_NUMBER_OBJECT_CONVERSION = YES_AGGRESSIVE;
				CLANG_CXX_LANGUAGE_STANDARD = "gnu++14";
				CLANG_CXX_LIBRARY = "libc++";
				CLANG_ENABLE_MODULES = YES;
				CLANG_ENABLE_OBJC_ARC = YES;
				CLANG_ENABLE_OBJC_WEAK = YES;
				CLANG_WARN_BLOCK_CAPTURE_AUTORELEASING = YES;
				CLANG_WARN_BOOL_CONVERSION = YES;
				CLANG_WARN_COMMA = YES;
				CLANG_WARN_CONSTANT_CONVERSION = YES;
				CLANG_WARN_DEPRECATED_OBJC_IMPLEMENTATIONS = YES;
				CLANG_WARN_DIRECT_OBJC_ISA_USAGE = YES_ERROR;
				CLANG_WARN_DOCUMENTATION_COMMENTS = YES;
				CLANG_WARN_EMPTY_BODY = YES;
				CLANG_WARN_ENUM_CONVERSION = YES;
				CLANG_WARN_INFINITE_RECURSION = YES;
				CLANG_WARN_INT_CONVERSION = YES;
				CLANG_WARN_NON_LITERAL_NULL_CONVERSION = YES;
				CLANG_WARN_OBJC_IMPLICIT_RETAIN_SELF = YES;
				CLANG_WARN_OBJC_LITERAL_CONVERSION = YES;
				CLANG_WARN_OBJC_ROOT_CLASS = YES_ERROR;
				CLANG_WARN_QUOTED_INCLUDE_IN_FRAMEWORK_HEADER = YES;
				CLANG_WARN_RANGE_LOOP_ANALYSIS = YES;
				CLANG_WARN_STRICT_PROTOTYPES = YES;
				CLANG_WARN_SUSPICIOUS_MOVE = YES;
				CLANG_WARN_UNGUARDED_AVAILABILITY = YES_AGGRESSIVE;
				CLANG_WARN_UNREACHABLE_CODE = YES;
				CLANG_WARN__DUPLICATE_METHOD_MATCH = YES;
				COPY_PHASE_STRIP = NO;
				DEBUG_INFORMATION_FORMAT = dwarf;
				ENABLE_STRICT_OBJC_MSGSEND = YES;
				ENABLE_TESTABILITY = YES;
				GCC_C_LANGUAGE_STANDARD = gnu11;
				GCC_DYNAMIC_NO_PIC = NO;
				GCC_NO_COMMON_BLOCKS = YES;
				GCC_OPTIMIZATION_LEVEL = 0;
				GCC_PREPROCESSOR_DEFINITIONS = (
					"$(inherited)",
					"DEBUG=1",
				);
				GCC_WARN_64_TO_32_BIT_CONVERSION = YES;
				GCC_WARN_ABOUT_RETURN_TYPE = YES_ERROR;
				GCC_WARN_UNDECLARED_SELECTOR = YES;
				GCC_WARN_UNINITIALIZED_AUTOS = YES_AGGRESSIVE;
				GCC_WARN_UNUSED_FUNCTION = YES;
				GCC_WARN_UNUSED_VARIABLE = YES;
				IPHONEOS_DEPLOYMENT_TARGET = 18.0;
				MTL_ENABLE_DEBUG_INFO = INCLUDE_SOURCE;
				MTL_FAST_MATH = YES;
				ONLY_ACTIVE_ARCH = YES;
				PRODUCT_NAME = "$(TARGET_NAME)";
				SDKROOT = iphoneos;
				SWIFT_ACTIVE_COMPILATION_CONDITIONS = DEBUG;
				SWIFT_OPTIMIZATION_LEVEL = "-Onone";
				SWIFT_VERSION = 5.9;
				TARGETED_DEVICE_FAMILY = 1;
			};
			name = Debug;
		};
		8D923C92BDBC42116E9C21A2 /* Release */ = {
			isa = XCBuildConfiguration;
			buildSettings = {
				ASSETCATALOG_COMPILER_APPICON_NAME = AppIcon;
				ASSETCATALOG_COMPILER_GLOBAL_ACCENT_COLOR_NAME = AccentColor;
				CODE_SIGN_ENTITLEMENTS = StickerBoard/StickerBoard.entitlements;
				CODE_SIGN_IDENTITY = "iPhone Developer";
				CODE_SIGN_STYLE = Automatic;
				CURRENT_PROJECT_VERSION = 1;
				DEVELOPMENT_TEAM = 6CGGS6SX69;
				INFOPLIST_FILE = StickerBoard/Info.plist;
				LD_RUNPATH_SEARCH_PATHS = (
					"$(inherited)",
					"@executable_path/Frameworks",
				);
				MARKETING_VERSION = 1.2.1;
				PRODUCT_BUNDLE_IDENTIFIER = com.tebasaki.StickerBoard;
				SDKROOT = iphoneos;
				SWIFT_EMIT_LOC_STRINGS = YES;
				TARGETED_DEVICE_FAMILY = "1,2";
			};
			name = Release;
		};
		C966C597BFC0D36C2D34FDEE /* Debug */ = {
			isa = XCBuildConfiguration;
			buildSettings = {
				BUNDLE_LOADER = "$(TEST_HOST)";
				GENERATE_INFOPLIST_FILE = YES;
				LD_RUNPATH_SEARCH_PATHS = (
					"$(inherited)",
					"@executable_path/Frameworks",
					"@loader_path/Frameworks",
				);
				PRODUCT_BUNDLE_IDENTIFIER = com.tebasaki.StickerBoardTests;
				SDKROOT = iphoneos;
				TARGETED_DEVICE_FAMILY = "1,2";
				TEST_HOST = "$(BUILT_PRODUCTS_DIR)/StickerBoard.app/StickerBoard";
			};
			name = Debug;
		};
		D0AE69EE07F81D2B0BCDE889 /* Release */ = {
			isa = XCBuildConfiguration;
			buildSettings = {
				BUNDLE_LOADER = "$(TEST_HOST)";
				GENERATE_INFOPLIST_FILE = YES;
				LD_RUNPATH_SEARCH_PATHS = (
					"$(inherited)",
					"@executable_path/Frameworks",
					"@loader_path/Frameworks",
				);
				PRODUCT_BUNDLE_IDENTIFIER = com.tebasaki.StickerBoardTests;
				SDKROOT = iphoneos;
				TARGETED_DEVICE_FAMILY = "1,2";
				TEST_HOST = "$(BUILT_PRODUCTS_DIR)/StickerBoard.app/StickerBoard";
			};
			name = Release;
		};
		D375439C064A285D34E354CB /* Release */ = {
			isa = XCBuildConfiguration;
			buildSettings = {
				CODE_SIGN_ENTITLEMENTS = StickerBoardWidget/StickerBoardWidget.entitlements;
				CODE_SIGN_STYLE = Automatic;
				CURRENT_PROJECT_VERSION = 1;
				DEVELOPMENT_TEAM = 6CGGS6SX69;
				INFOPLIST_FILE = StickerBoardWidget/Info.plist;
				LD_RUNPATH_SEARCH_PATHS = (
					"$(inherited)",
					"@executable_path/Frameworks",
					"@executable_path/../../Frameworks",
				);
				MARKETING_VERSION = 1.2.1;
				PRODUCT_BUNDLE_IDENTIFIER = com.tebasaki.StickerBoard.Widget;
				SDKROOT = iphoneos;
				SWIFT_EMIT_LOC_STRINGS = YES;
				TARGETED_DEVICE_FAMILY = 1;
			};
			name = Release;
		};
		E3F5AA8D5DF458C63BC98A97 /* Debug */ = {
			isa = XCBuildConfiguration;
			buildSettings = {
				CODE_SIGN_ENTITLEMENTS = StickerBoardWidget/StickerBoardWidget.entitlements;
				CODE_SIGN_STYLE = Automatic;
				CURRENT_PROJECT_VERSION = 1;
				DEVELOPMENT_TEAM = 6CGGS6SX69;
				INFOPLIST_FILE = StickerBoardWidget/Info.plist;
				LD_RUNPATH_SEARCH_PATHS = (
					"$(inherited)",
					"@executable_path/Frameworks",
					"@executable_path/../../Frameworks",
				);
				MARKETING_VERSION = 1.2.1;
				PRODUCT_BUNDLE_IDENTIFIER = com.tebasaki.StickerBoard.Widget;
				SDKROOT = iphoneos;
				SWIFT_EMIT_LOC_STRINGS = YES;
				TARGETED_DEVICE_FAMILY = 1;
			};
			name = Debug;
		};
/* End XCBuildConfiguration section */

/* Begin XCConfigurationList section */
		14CFB7E41E6DC0B865F45A4C /* Build configuration list for PBXNativeTarget "StickerBoardTests" */ = {
			isa = XCConfigurationList;
			buildConfigurations = (
				C966C597BFC0D36C2D34FDEE /* Debug */,
				D0AE69EE07F81D2B0BCDE889 /* Release */,
			);
			defaultConfigurationIsVisible = 0;
			defaultConfigurationName = Debug;
		};
		8772A176C103444BF7720D23 /* Build configuration list for PBXProject "StickerBoard" */ = {
			isa = XCConfigurationList;
			buildConfigurations = (
				43CD850AF057F054FD88D11C /* Debug */,
				3855C7050AD7435563F3E349 /* Release */,
			);
			defaultConfigurationIsVisible = 0;
			defaultConfigurationName = Debug;
		};
		C49EBF95691B167B371A1E13 /* Build configuration list for PBXNativeTarget "StickerBoard" */ = {
			isa = XCConfigurationList;
			buildConfigurations = (
				26B4D973CEF07DA92A1778EB /* Debug */,
				8D923C92BDBC42116E9C21A2 /* Release */,
			);
			defaultConfigurationIsVisible = 0;
			defaultConfigurationName = Debug;
		};
		CAD3CDAF2B617CBE460D4162 /* Build configuration list for PBXNativeTarget "StickerBoardWidgetExtension" */ = {
			isa = XCConfigurationList;
			buildConfigurations = (
				E3F5AA8D5DF458C63BC98A97 /* Debug */,
				D375439C064A285D34E354CB /* Release */,
			);
			defaultConfigurationIsVisible = 0;
			defaultConfigurationName = Debug;
		};
/* End XCConfigurationList section */
	};
	rootObject = 2DBE7030B31B36E4D7BFC99F /* Project object */;
}
